
Microsoft Visual Studio Solution File, Format Version 12.00
# Visual Studio Version 17
VisualStudioVersion = 17.7.34221.43
MinimumVisualStudioVersion = 10.0.40219.1
Project("{8BC9CEB8-8B4A-11D0-8D11-00A0C91BC942}") = "ALL_BUILD", "ALL_BUILD.vcxproj", "{63A78247-7EC9-3132-8F44-CCBAD48790E8}"
	ProjectSection(ProjectDependencies) = postProject
		{0F65D59C-69C8-3936-832E-C286026DCF47} = {0F65D59C-69C8-3936-832E-C286026DCF47}
		{1608F0D1-D328-3FC6-B152-5FFE1613CFEB} = {1608F0D1-D328-3FC6-B152-5FFE1613CFEB}
		{1FDB9F24-ACBE-3431-86FC-334F8963B0DA} = {1FDB9F24-ACBE-3431-86FC-334F8963B0DA}
		{209602E3-019B-38BB-A9F7-D8F55CE28F05} = {209602E3-019B-38BB-A9F7-D8F55CE28F05}
		{20EF2609-F876-38CD-9457-C868415C5DCF} = {20EF2609-F876-38CD-9457-C868415C5DCF}
		{2EBDAF9B-C563-3811-A8AC-136E3A4D2198} = {2EBDAF9B-C563-3811-A8AC-136E3A4D2198}
		{350A8381-A72B-31AC-A30F-B0A65F6A2011} = {350A8381-A72B-31AC-A30F-B0A65F6A2011}
		{3643C030-AAEB-3038-B804-7ABC972049DC} = {3643C030-AAEB-3038-B804-7ABC972049DC}
		{381D01F4-3E17-33DA-981E-4D3A795D58A8} = {381D01F4-3E17-33DA-981E-4D3A795D58A8}
		{452C4BB0-FF4B-3546-8B8F-8E99E671739D} = {452C4BB0-FF4B-3546-8B8F-8E99E671739D}
		{4678B4EF-599B-3B28-96CD-0499DC46F90C} = {4678B4EF-599B-3B28-96CD-0499DC46F90C}
		{5E7A7DD9-8D1C-36C9-907C-EE528E94258A} = {5E7A7DD9-8D1C-36C9-907C-EE528E94258A}
		{663F0E39-D53E-3DFD-8385-70D953279D6C} = {663F0E39-D53E-3DFD-8385-70D953279D6C}
		{89195B9E-26B3-310D-8151-6B612D3D40F4} = {89195B9E-26B3-310D-8151-6B612D3D40F4}
		{966714E5-9F94-3F4D-9144-2A1BDEF36078} = {966714E5-9F94-3F4D-9144-2A1BDEF36078}
		{9938A2D3-66C1-36C1-903E-AAA384752DEC} = {9938A2D3-66C1-36C1-903E-AAA384752DEC}
		{AE3ADE4F-BE42-350E-94D0-67F114E46BDF} = {AE3ADE4F-BE42-350E-94D0-67F114E46BDF}
		{AEBAC67D-2E5E-3722-8EA7-BD59F75E966D} = {AEBAC67D-2E5E-3722-8EA7-BD59F75E966D}
		{BCA015F4-D1D7-39B1-81BA-3B4FAE281403} = {BCA015F4-D1D7-39B1-81BA-3B4FAE281403}
		{BCD5A686-8341-36F3-9F6F-E9622D17AC09} = {BCD5A686-8341-36F3-9F6F-E9622D17AC09}
		{C008FF54-6618-3153-9626-A86412FE4C57} = {C008FF54-6618-3153-9626-A86412FE4C57}
		{C0CC3722-E0A0-3E66-9881-0B82220A7D10} = {C0CC3722-E0A0-3E66-9881-0B82220A7D10}
		{C142DF07-BF89-3C09-96F9-5526D9572A11} = {C142DF07-BF89-3C09-96F9-5526D9572A11}
		{CB0EA8E2-B04D-38BA-9605-4966ACAE8B13} = {CB0EA8E2-B04D-38BA-9605-4966ACAE8B13}
		{EF14FA08-5788-3B4E-B524-C53FE87BE84B} = {EF14FA08-5788-3B4E-B524-C53FE87BE84B}
	EndProjectSection
EndProject
Project("{8BC9CEB8-8B4A-11D0-8D11-00A0C91BC942}") = "Continuous", "tinyxml2\Continuous.vcxproj", "{E98BC6C3-287D-3439-BAC6-8C22505A5E55}"
	ProjectSection(ProjectDependencies) = postProject
		{966714E5-9F94-3F4D-9144-2A1BDEF36078} = {966714E5-9F94-3F4D-9144-2A1BDEF36078}
	EndProjectSection
EndProject
Project("{8BC9CEB8-8B4A-11D0-8D11-00A0C91BC942}") = "Experimental", "tinyxml2\Experimental.vcxproj", "{12338030-5137-3D2A-A723-2C3BA0169099}"
	ProjectSection(ProjectDependencies) = postProject
		{966714E5-9F94-3F4D-9144-2A1BDEF36078} = {966714E5-9F94-3F4D-9144-2A1BDEF36078}
	EndProjectSection
EndProject
Project("{8BC9CEB8-8B4A-11D0-8D11-00A0C91BC942}") = "INSTALL", "INSTALL.vcxproj", "{6648B018-5EDA-3ADB-9E5B-AB2879D58704}"
	ProjectSection(ProjectDependencies) = postProject
		{63A78247-7EC9-3132-8F44-CCBAD48790E8} = {63A78247-7EC9-3132-8F44-CCBAD48790E8}
		{966714E5-9F94-3F4D-9144-2A1BDEF36078} = {966714E5-9F94-3F4D-9144-2A1BDEF36078}
	EndProjectSection
EndProject
Project("{8BC9CEB8-8B4A-11D0-8D11-00A0C91BC942}") = "Nightly", "tinyxml2\Nightly.vcxproj", "{78A07DD9-17B3-3185-BC00-F46EC276617F}"
	ProjectSection(ProjectDependencies) = postProject
		{966714E5-9F94-3F4D-9144-2A1BDEF36078} = {966714E5-9F94-3F4D-9144-2A1BDEF36078}
	EndProjectSection
EndProject
Project("{8BC9CEB8-8B4A-11D0-8D11-00A0C91BC942}") = "NightlyMemoryCheck", "tinyxml2\NightlyMemoryCheck.vcxproj", "{CD3CBD43-0EA0-3684-8231-6674C3857761}"
	ProjectSection(ProjectDependencies) = postProject
		{966714E5-9F94-3F4D-9144-2A1BDEF36078} = {966714E5-9F94-3F4D-9144-2A1BDEF36078}
	EndProjectSection
EndProject
Project("{8BC9CEB8-8B4A-11D0-8D11-00A0C91BC942}") = "ZERO_CHECK", "ZERO_CHECK.vcxproj", "{966714E5-9F94-3F4D-9144-2A1BDEF36078}"
EndProject
Project("{8BC9CEB8-8B4A-11D0-8D11-00A0C91BC942}") = "axicon", "examples\axicon\axicon.vcxproj", "{3643C030-AAEB-3038-B804-7ABC972049DC}"
	ProjectSection(ProjectDependencies) = postProject
		{89195B9E-26B3-310D-8151-6B612D3D40F4} = {89195B9E-26B3-310D-8151-6B612D3D40F4}
		{966714E5-9F94-3F4D-9144-2A1BDEF36078} = {966714E5-9F94-3F4D-9144-2A1BDEF36078}
		{BCD5A686-8341-36F3-9F6F-E9622D17AC09} = {BCD5A686-8341-36F3-9F6F-E9622D17AC09}
	EndProjectSection
EndProject
Project("{8BC9CEB8-8B4A-11D0-8D11-00A0C91BC942}") = "axicon2", "examples\axicon\axicon2.vcxproj", "{C008FF54-6618-3153-9626-A86412FE4C57}"
	ProjectSection(ProjectDependencies) = postProject
		{89195B9E-26B3-310D-8151-6B612D3D40F4} = {89195B9E-26B3-310D-8151-6B612D3D40F4}
		{966714E5-9F94-3F4D-9144-2A1BDEF36078} = {966714E5-9F94-3F4D-9144-2A1BDEF36078}
		{BCD5A686-8341-36F3-9F6F-E9622D17AC09} = {BCD5A686-8341-36F3-9F6F-E9622D17AC09}
	EndProjectSection
EndProject
Project("{8BC9CEB8-8B4A-11D0-8D11-00A0C91BC942}") = "axicon_with_box", "examples\axicon\axicon_with_box.vcxproj", "{4678B4EF-599B-3B28-96CD-0499DC46F90C}"
	ProjectSection(ProjectDependencies) = postProject
		{89195B9E-26B3-310D-8151-6B612D3D40F4} = {89195B9E-26B3-310D-8151-6B612D3D40F4}
		{966714E5-9F94-3F4D-9144-2A1BDEF36078} = {966714E5-9F94-3F4D-9144-2A1BDEF36078}
		{BCD5A686-8341-36F3-9F6F-E9622D17AC09} = {BCD5A686-8341-36F3-9F6F-E9622D17AC09}
	EndProjectSection
EndProject
Project("{8BC9CEB8-8B4A-11D0-8D11-00A0C91BC942}") = "boxtest", "examples\usptest\boxtest.vcxproj", "{1FDB9F24-ACBE-3431-86FC-334F8963B0DA}"
	ProjectSection(ProjectDependencies) = postProject
		{89195B9E-26B3-310D-8151-6B612D3D40F4} = {89195B9E-26B3-310D-8151-6B612D3D40F4}
		{966714E5-9F94-3F4D-9144-2A1BDEF36078} = {966714E5-9F94-3F4D-9144-2A1BDEF36078}
		{BCD5A686-8341-36F3-9F6F-E9622D17AC09} = {BCD5A686-8341-36F3-9F6F-E9622D17AC09}
	EndProjectSection
EndProject
Project("{8BC9CEB8-8B4A-11D0-8D11-00A0C91BC942}") = "cp_trap", "examples\ot\cp_trap.vcxproj", "{20EF2609-F876-38CD-9457-C868415C5DCF}"
	ProjectSection(ProjectDependencies) = postProject
		{89195B9E-26B3-310D-8151-6B612D3D40F4} = {89195B9E-26B3-310D-8151-6B612D3D40F4}
		{966714E5-9F94-3F4D-9144-2A1BDEF36078} = {966714E5-9F94-3F4D-9144-2A1BDEF36078}
		{AE3ADE4F-BE42-350E-94D0-67F114E46BDF} = {AE3ADE4F-BE42-350E-94D0-67F114E46BDF}
	EndProjectSection
EndProject
Project("{8BC9CEB8-8B4A-11D0-8D11-00A0C91BC942}") = "goat_maths", "maths\goat_maths.vcxproj", "{89195B9E-26B3-310D-8151-6B612D3D40F4}"
	ProjectSection(ProjectDependencies) = postProject
		{966714E5-9F94-3F4D-9144-2A1BDEF36078} = {966714E5-9F94-3F4D-9144-2A1BDEF36078}
	EndProjectSection
EndProject
Project("{8BC9CEB8-8B4A-11D0-8D11-00A0C91BC942}") = "goat_raytracing", "raytracing\goat_raytracing.vcxproj", "{AE3ADE4F-BE42-350E-94D0-67F114E46BDF}"
	ProjectSection(ProjectDependencies) = postProject
		{966714E5-9F94-3F4D-9144-2A1BDEF36078} = {966714E5-9F94-3F4D-9144-2A1BDEF36078}
	EndProjectSection
EndProject
Project("{8BC9CEB8-8B4A-11D0-8D11-00A0C91BC942}") = "goat_raytracing_mp", "raytracing\goat_raytracing_mp.vcxproj", "{BCD5A686-8341-36F3-9F6F-E9622D17AC09}"
	ProjectSection(ProjectDependencies) = postProject
		{966714E5-9F94-3F4D-9144-2A1BDEF36078} = {966714E5-9F94-3F4D-9144-2A1BDEF36078}
	EndProjectSection
EndProject
Project("{8BC9CEB8-8B4A-11D0-8D11-00A0C91BC942}") = "goat_xml", "XML\goat_xml.vcxproj", "{AEBAC67D-2E5E-3722-8EA7-BD59F75E966D}"
	ProjectSection(ProjectDependencies) = postProject
		{966714E5-9F94-3F4D-9144-2A1BDEF36078} = {966714E5-9F94-3F4D-9144-2A1BDEF36078}
	EndProjectSection
EndProject
Project("{8BC9CEB8-8B4A-11D0-8D11-00A0C91BC942}") = "layers", "examples\layers\layers.vcxproj", "{EF14FA08-5788-3B4E-B524-C53FE87BE84B}"
	ProjectSection(ProjectDependencies) = postProject
		{89195B9E-26B3-310D-8151-6B612D3D40F4} = {89195B9E-26B3-310D-8151-6B612D3D40F4}
		{966714E5-9F94-3F4D-9144-2A1BDEF36078} = {966714E5-9F94-3F4D-9144-2A1BDEF36078}
		{AE3ADE4F-BE42-350E-94D0-67F114E46BDF} = {AE3ADE4F-BE42-350E-94D0-67F114E46BDF}
	EndProjectSection
EndProject
Project("{8BC9CEB8-8B4A-11D0-8D11-00A0C91BC942}") = "mctest", "examples\mctest\mctest.vcxproj", "{5E7A7DD9-8D1C-36C9-907C-EE528E94258A}"
	ProjectSection(ProjectDependencies) = postProject
		{89195B9E-26B3-310D-8151-6B612D3D40F4} = {89195B9E-26B3-310D-8151-6B612D3D40F4}
		{966714E5-9F94-3F4D-9144-2A1BDEF36078} = {966714E5-9F94-3F4D-9144-2A1BDEF36078}
		{AE3ADE4F-BE42-350E-94D0-67F114E46BDF} = {AE3ADE4F-BE42-350E-94D0-67F114E46BDF}
	EndProjectSection
EndProject
Project("{8BC9CEB8-8B4A-11D0-8D11-00A0C91BC942}") = "mctest2", "examples\mctest\mctest2.vcxproj", "{2EBDAF9B-C563-3811-A8AC-136E3A4D2198}"
	ProjectSection(ProjectDependencies) = postProject
		{89195B9E-26B3-310D-8151-6B612D3D40F4} = {89195B9E-26B3-310D-8151-6B612D3D40F4}
		{966714E5-9F94-3F4D-9144-2A1BDEF36078} = {966714E5-9F94-3F4D-9144-2A1BDEF36078}
		{AE3ADE4F-BE42-350E-94D0-67F114E46BDF} = {AE3ADE4F-BE42-350E-94D0-67F114E46BDF}
	EndProjectSection
EndProject
Project("{8BC9CEB8-8B4A-11D0-8D11-00A0C91BC942}") = "otexample", "examples\ot\otexample.vcxproj", "{663F0E39-D53E-3DFD-8385-70D953279D6C}"
	ProjectSection(ProjectDependencies) = postProject
		{89195B9E-26B3-310D-8151-6B612D3D40F4} = {89195B9E-26B3-310D-8151-6B612D3D40F4}
		{966714E5-9F94-3F4D-9144-2A1BDEF36078} = {966714E5-9F94-3F4D-9144-2A1BDEF36078}
		{AE3ADE4F-BE42-350E-94D0-67F114E46BDF} = {AE3ADE4F-BE42-350E-94D0-67F114E46BDF}
	EndProjectSection
EndProject
Project("{8BC9CEB8-8B4A-11D0-8D11-00A0C91BC942}") = "pnexttest", "examples\usptest\pnexttest.vcxproj", "{350A8381-A72B-31AC-A30F-B0A65F6A2011}"
	ProjectSection(ProjectDependencies) = postProject
		{89195B9E-26B3-310D-8151-6B612D3D40F4} = {89195B9E-26B3-310D-8151-6B612D3D40F4}
		{966714E5-9F94-3F4D-9144-2A1BDEF36078} = {966714E5-9F94-3F4D-9144-2A1BDEF36078}
		{AE3ADE4F-BE42-350E-94D0-67F114E46BDF} = {AE3ADE4F-BE42-350E-94D0-67F114E46BDF}
	EndProjectSection
EndProject
Project("{8BC9CEB8-8B4A-11D0-8D11-00A0C91BC942}") = "raytest", "examples\paths\raytest.vcxproj", "{BCA015F4-D1D7-39B1-81BA-3B4FAE281403}"
	ProjectSection(ProjectDependencies) = postProject
		{89195B9E-26B3-310D-8151-6B612D3D40F4} = {89195B9E-26B3-310D-8151-6B612D3D40F4}
		{966714E5-9F94-3F4D-9144-2A1BDEF36078} = {966714E5-9F94-3F4D-9144-2A1BDEF36078}
		{AE3ADE4F-BE42-350E-94D0-67F114E46BDF} = {AE3ADE4F-BE42-350E-94D0-67F114E46BDF}
	EndProjectSection
EndProject
Project("{8BC9CEB8-8B4A-11D0-8D11-00A0C91BC942}") = "readXML", "examplesXML\readXML.vcxproj", "{CB0EA8E2-B04D-38BA-9605-4966ACAE8B13}"
	ProjectSection(ProjectDependencies) = postProject
		{452C4BB0-FF4B-3546-8B8F-8E99E671739D} = {452C4BB0-FF4B-3546-8B8F-8E99E671739D}
		{89195B9E-26B3-310D-8151-6B612D3D40F4} = {89195B9E-26B3-310D-8151-6B612D3D40F4}
		{966714E5-9F94-3F4D-9144-2A1BDEF36078} = {966714E5-9F94-3F4D-9144-2A1BDEF36078}
		{AE3ADE4F-BE42-350E-94D0-67F114E46BDF} = {AE3ADE4F-BE42-350E-94D0-67F114E46BDF}
		{AEBAC67D-2E5E-3722-8EA7-BD59F75E966D} = {AEBAC67D-2E5E-3722-8EA7-BD59F75E966D}
	EndProjectSection
EndProject
Project("{8BC9CEB8-8B4A-11D0-8D11-00A0C91BC942}") = "sphere", "examples\sphere\sphere.vcxproj", "{209602E3-019B-38BB-A9F7-D8F55CE28F05}"
	ProjectSection(ProjectDependencies) = postProject
		{89195B9E-26B3-310D-8151-6B612D3D40F4} = {89195B9E-26B3-310D-8151-6B612D3D40F4}
		{966714E5-9F94-3F4D-9144-2A1BDEF36078} = {966714E5-9F94-3F4D-9144-2A1BDEF36078}
		{BCD5A686-8341-36F3-9F6F-E9622D17AC09} = {BCD5A686-8341-36F3-9F6F-E9622D17AC09}
	EndProjectSection
EndProject
Project("{8BC9CEB8-8B4A-11D0-8D11-00A0C91BC942}") = "stlexample", "examples\paths\stlexample.vcxproj", "{1608F0D1-D328-3FC6-B152-5FFE1613CFEB}"
	ProjectSection(ProjectDependencies) = postProject
		{89195B9E-26B3-310D-8151-6B612D3D40F4} = {89195B9E-26B3-310D-8151-6B612D3D40F4}
		{966714E5-9F94-3F4D-9144-2A1BDEF36078} = {966714E5-9F94-3F4D-9144-2A1BDEF36078}
		{AE3ADE4F-BE42-350E-94D0-67F114E46BDF} = {AE3ADE4F-BE42-350E-94D0-67F114E46BDF}
	EndProjectSection
EndProject
Project("{8BC9CEB8-8B4A-11D0-8D11-00A0C91BC942}") = "tinyxml2", "tinyxml2\tinyxml2.vcxproj", "{452C4BB0-FF4B-3546-8B8F-8E99E671739D}"
	ProjectSection(ProjectDependencies) = postProject
		{966714E5-9F94-3F4D-9144-2A1BDEF36078} = {966714E5-9F94-3F4D-9144-2A1BDEF36078}
	EndProjectSection
EndProject
Project("{8BC9CEB8-8B4A-11D0-8D11-00A0C91BC942}") = "usp_compress", "examples\usptest\usp_compress.vcxproj", "{C0CC3722-E0A0-3E66-9881-0B82220A7D10}"
	ProjectSection(ProjectDependencies) = postProject
		{89195B9E-26B3-310D-8151-6B612D3D40F4} = {89195B9E-26B3-310D-8151-6B612D3D40F4}
		{966714E5-9F94-3F4D-9144-2A1BDEF36078} = {966714E5-9F94-3F4D-9144-2A1BDEF36078}
		{AE3ADE4F-BE42-350E-94D0-67F114E46BDF} = {AE3ADE4F-BE42-350E-94D0-67F114E46BDF}
		{BCD5A686-8341-36F3-9F6F-E9622D17AC09} = {BCD5A686-8341-36F3-9F6F-E9622D17AC09}
	EndProjectSection
EndProject
Project("{8BC9CEB8-8B4A-11D0-8D11-00A0C91BC942}") = "usp_ellipsoid", "examples\usptest\usp_ellipsoid.vcxproj", "{381D01F4-3E17-33DA-981E-4D3A795D58A8}"
	ProjectSection(ProjectDependencies) = postProject
		{89195B9E-26B3-310D-8151-6B612D3D40F4} = {89195B9E-26B3-310D-8151-6B612D3D40F4}
		{966714E5-9F94-3F4D-9144-2A1BDEF36078} = {966714E5-9F94-3F4D-9144-2A1BDEF36078}
		{BCD5A686-8341-36F3-9F6F-E9622D17AC09} = {BCD5A686-8341-36F3-9F6F-E9622D17AC09}
	EndProjectSection
EndProject
Project("{8BC9CEB8-8B4A-11D0-8D11-00A0C91BC942}") = "usp_raytest", "examples\usptest\usp_raytest.vcxproj", "{0F65D59C-69C8-3936-832E-C286026DCF47}"
	ProjectSection(ProjectDependencies) = postProject
		{89195B9E-26B3-310D-8151-6B612D3D40F4} = {89195B9E-26B3-310D-8151-6B612D3D40F4}
		{966714E5-9F94-3F4D-9144-2A1BDEF36078} = {966714E5-9F94-3F4D-9144-2A1BDEF36078}
		{AE3ADE4F-BE42-350E-94D0-67F114E46BDF} = {AE3ADE4F-BE42-350E-94D0-67F114E46BDF}
	EndProjectSection
EndProject
Project("{8BC9CEB8-8B4A-11D0-8D11-00A0C91BC942}") = "usptest", "examples\usptest\usptest.vcxproj", "{9938A2D3-66C1-36C1-903E-AAA384752DEC}"
	ProjectSection(ProjectDependencies) = postProject
		{89195B9E-26B3-310D-8151-6B612D3D40F4} = {89195B9E-26B3-310D-8151-6B612D3D40F4}
		{966714E5-9F94-3F4D-9144-2A1BDEF36078} = {966714E5-9F94-3F4D-9144-2A1BDEF36078}
		{AE3ADE4F-BE42-350E-94D0-67F114E46BDF} = {AE3ADE4F-BE42-350E-94D0-67F114E46BDF}
	EndProjectSection
EndProject
Project("{8BC9CEB8-8B4A-11D0-8D11-00A0C91BC942}") = "usptest_spatial", "examples\usptest\usptest_spatial.vcxproj", "{C142DF07-BF89-3C09-96F9-5526D9572A11}"
	ProjectSection(ProjectDependencies) = postProject
		{89195B9E-26B3-310D-8151-6B612D3D40F4} = {89195B9E-26B3-310D-8151-6B612D3D40F4}
		{966714E5-9F94-3F4D-9144-2A1BDEF36078} = {966714E5-9F94-3F4D-9144-2A1BDEF36078}
		{AE3ADE4F-BE42-350E-94D0-67F114E46BDF} = {AE3ADE4F-BE42-350E-94D0-67F114E46BDF}
	EndProjectSection
EndProject
Global
	GlobalSection(SolutionConfigurationPlatforms) = preSolution
		Debug|x64 = Debug|x64
		MinSizeRel|x64 = MinSizeRel|x64
		Release|x64 = Release|x64
		RelWithDebInfo|x64 = RelWithDebInfo|x64
	EndGlobalSection
	GlobalSection(ProjectConfigurationPlatforms) = postSolution
		{63A78247-7EC9-3132-8F44-CCBAD48790E8}.Debug|x64.ActiveCfg = Debug|x64
		{63A78247-7EC9-3132-8F44-CCBAD48790E8}.Debug|x64.Build.0 = Debug|x64
		{63A78247-7EC9-3132-8F44-CCBAD48790E8}.MinSizeRel|x64.ActiveCfg = MinSizeRel|x64
		{63A78247-7EC9-3132-8F44-CCBAD48790E8}.MinSizeRel|x64.Build.0 = MinSizeRel|x64
		{63A78247-7EC9-3132-8F44-CCBAD48790E8}.Release|x64.ActiveCfg = Release|x64
		{63A78247-7EC9-3132-8F44-CCBAD48790E8}.Release|x64.Build.0 = Release|x64
		{63A78247-7EC9-3132-8F44-CCBAD48790E8}.RelWithDebInfo|x64.ActiveCfg = RelWithDebInfo|x64
		{63A78247-7EC9-3132-8F44-CCBAD48790E8}.RelWithDebInfo|x64.Build.0 = RelWithDebInfo|x64
		{E98BC6C3-287D-3439-BAC6-8C22505A5E55}.Debug|x64.ActiveCfg = Debug|x64
		{E98BC6C3-287D-3439-BAC6-8C22505A5E55}.MinSizeRel|x64.ActiveCfg = MinSizeRel|x64
		{E98BC6C3-287D-3439-BAC6-8C22505A5E55}.Release|x64.ActiveCfg = Release|x64
		{E98BC6C3-287D-3439-BAC6-8C22505A5E55}.RelWithDebInfo|x64.ActiveCfg = RelWithDebInfo|x64
		{12338030-5137-3D2A-A723-2C3BA0169099}.Debug|x64.ActiveCfg = Debug|x64
		{12338030-5137-3D2A-A723-2C3BA0169099}.MinSizeRel|x64.ActiveCfg = MinSizeRel|x64
		{12338030-5137-3D2A-A723-2C3BA0169099}.Release|x64.ActiveCfg = Release|x64
		{12338030-5137-3D2A-A723-2C3BA0169099}.RelWithDebInfo|x64.ActiveCfg = RelWithDebInfo|x64
		{6648B018-5EDA-3ADB-9E5B-AB2879D58704}.Debug|x64.ActiveCfg = Debug|x64
		{6648B018-5EDA-3ADB-9E5B-AB2879D58704}.MinSizeRel|x64.ActiveCfg = MinSizeRel|x64
		{6648B018-5EDA-3ADB-9E5B-AB2879D58704}.Release|x64.ActiveCfg = Release|x64
		{6648B018-5EDA-3ADB-9E5B-AB2879D58704}.RelWithDebInfo|x64.ActiveCfg = RelWithDebInfo|x64
		{78A07DD9-17B3-3185-BC00-F46EC276617F}.Debug|x64.ActiveCfg = Debug|x64
		{78A07DD9-17B3-3185-BC00-F46EC276617F}.MinSizeRel|x64.ActiveCfg = MinSizeRel|x64
		{78A07DD9-17B3-3185-BC00-F46EC276617F}.Release|x64.ActiveCfg = Release|x64
		{78A07DD9-17B3-3185-BC00-F46EC276617F}.RelWithDebInfo|x64.ActiveCfg = RelWithDebInfo|x64
		{CD3CBD43-0EA0-3684-8231-6674C3857761}.Debug|x64.ActiveCfg = Debug|x64
		{CD3CBD43-0EA0-3684-8231-6674C3857761}.MinSizeRel|x64.ActiveCfg = MinSizeRel|x64
		{CD3CBD43-0EA0-3684-8231-6674C3857761}.Release|x64.ActiveCfg = Release|x64
		{CD3CBD43-0EA0-3684-8231-6674C3857761}.RelWithDebInfo|x64.ActiveCfg = RelWithDebInfo|x64
		{966714E5-9F94-3F4D-9144-2A1BDEF36078}.Debug|x64.ActiveCfg = Debug|x64
		{966714E5-9F94-3F4D-9144-2A1BDEF36078}.Debug|x64.Build.0 = Debug|x64
		{966714E5-9F94-3F4D-9144-2A1BDEF36078}.MinSizeRel|x64.ActiveCfg = MinSizeRel|x64
		{966714E5-9F94-3F4D-9144-2A1BDEF36078}.MinSizeRel|x64.Build.0 = MinSizeRel|x64
		{966714E5-9F94-3F4D-9144-2A1BDEF36078}.Release|x64.ActiveCfg = Release|x64
		{966714E5-9F94-3F4D-9144-2A1BDEF36078}.Release|x64.Build.0 = Release|x64
		{966714E5-9F94-3F4D-9144-2A1BDEF36078}.RelWithDebInfo|x64.ActiveCfg = RelWithDebInfo|x64
		{966714E5-9F94-3F4D-9144-2A1BDEF36078}.RelWithDebInfo|x64.Build.0 = RelWithDebInfo|x64
		{3643C030-AAEB-3038-B804-7ABC972049DC}.Debug|x64.ActiveCfg = Debug|x64
		{3643C030-AAEB-3038-B804-7ABC972049DC}.Debug|x64.Build.0 = Debug|x64
		{3643C030-AAEB-3038-B804-7ABC972049DC}.MinSizeRel|x64.ActiveCfg = MinSizeRel|x64
		{3643C030-AAEB-3038-B804-7ABC972049DC}.MinSizeRel|x64.Build.0 = MinSizeRel|x64
		{3643C030-AAEB-3038-B804-7ABC972049DC}.Release|x64.ActiveCfg = Release|x64
		{3643C030-AAEB-3038-B804-7ABC972049DC}.Release|x64.Build.0 = Release|x64
		{3643C030-AAEB-3038-B804-7ABC972049DC}.RelWithDebInfo|x64.ActiveCfg = RelWithDebInfo|x64
		{3643C030-AAEB-3038-B804-7ABC972049DC}.RelWithDebInfo|x64.Build.0 = RelWithDebInfo|x64
		{C008FF54-6618-3153-9626-A86412FE4C57}.Debug|x64.ActiveCfg = Debug|x64
		{C008FF54-6618-3153-9626-A86412FE4C57}.Debug|x64.Build.0 = Debug|x64
		{C008FF54-6618-3153-9626-A86412FE4C57}.MinSizeRel|x64.ActiveCfg = MinSizeRel|x64
		{C008FF54-6618-3153-9626-A86412FE4C57}.MinSizeRel|x64.Build.0 = MinSizeRel|x64
		{C008FF54-6618-3153-9626-A86412FE4C57}.Release|x64.ActiveCfg = Release|x64
		{C008FF54-6618-3153-9626-A86412FE4C57}.Release|x64.Build.0 = Release|x64
		{C008FF54-6618-3153-9626-A86412FE4C57}.RelWithDebInfo|x64.ActiveCfg = RelWithDebInfo|x64
		{C008FF54-6618-3153-9626-A86412FE4C57}.RelWithDebInfo|x64.Build.0 = RelWithDebInfo|x64
		{4678B4EF-599B-3B28-96CD-0499DC46F90C}.Debug|x64.ActiveCfg = Debug|x64
		{4678B4EF-599B-3B28-96CD-0499DC46F90C}.Debug|x64.Build.0 = Debug|x64
		{4678B4EF-599B-3B28-96CD-0499DC46F90C}.MinSizeRel|x64.ActiveCfg = MinSizeRel|x64
		{4678B4EF-599B-3B28-96CD-0499DC46F90C}.MinSizeRel|x64.Build.0 = MinSizeRel|x64
		{4678B4EF-599B-3B28-96CD-0499DC46F90C}.Release|x64.ActiveCfg = Release|x64
		{4678B4EF-599B-3B28-96CD-0499DC46F90C}.Release|x64.Build.0 = Release|x64
		{4678B4EF-599B-3B28-96CD-0499DC46F90C}.RelWithDebInfo|x64.ActiveCfg = RelWithDebInfo|x64
		{4678B4EF-599B-3B28-96CD-0499DC46F90C}.RelWithDebInfo|x64.Build.0 = RelWithDebInfo|x64
		{1FDB9F24-ACBE-3431-86FC-334F8963B0DA}.Debug|x64.ActiveCfg = Debug|x64
		{1FDB9F24-ACBE-3431-86FC-334F8963B0DA}.Debug|x64.Build.0 = Debug|x64
		{1FDB9F24-ACBE-3431-86FC-334F8963B0DA}.MinSizeRel|x64.ActiveCfg = MinSizeRel|x64
		{1FDB9F24-ACBE-3431-86FC-334F8963B0DA}.MinSizeRel|x64.Build.0 = MinSizeRel|x64
		{1FDB9F24-ACBE-3431-86FC-334F8963B0DA}.Release|x64.ActiveCfg = Release|x64
		{1FDB9F24-ACBE-3431-86FC-334F8963B0DA}.Release|x64.Build.0 = Release|x64
		{1FDB9F24-ACBE-3431-86FC-334F8963B0DA}.RelWithDebInfo|x64.ActiveCfg = RelWithDebInfo|x64
		{1FDB9F24-ACBE-3431-86FC-334F8963B0DA}.RelWithDebInfo|x64.Build.0 = RelWithDebInfo|x64
		{20EF2609-F876-38CD-9457-C868415C5DCF}.Debug|x64.ActiveCfg = Debug|x64
		{20EF2609-F876-38CD-9457-C868415C5DCF}.Debug|x64.Build.0 = Debug|x64
		{20EF2609-F876-38CD-9457-C868415C5DCF}.MinSizeRel|x64.ActiveCfg = MinSizeRel|x64
		{20EF2609-F876-38CD-9457-C868415C5DCF}.MinSizeRel|x64.Build.0 = MinSizeRel|x64
		{20EF2609-F876-38CD-9457-C868415C5DCF}.Release|x64.ActiveCfg = Release|x64
		{20EF2609-F876-38CD-9457-C868415C5DCF}.Release|x64.Build.0 = Release|x64
		{20EF2609-F876-38CD-9457-C868415C5DCF}.RelWithDebInfo|x64.ActiveCfg = RelWithDebInfo|x64
		{20EF2609-F876-38CD-9457-C868415C5DCF}.RelWithDebInfo|x64.Build.0 = RelWithDebInfo|x64
		{89195B9E-26B3-310D-8151-6B612D3D40F4}.Debug|x64.ActiveCfg = Debug|x64
		{89195B9E-26B3-310D-8151-6B612D3D40F4}.Debug|x64.Build.0 = Debug|x64
		{89195B9E-26B3-310D-8151-6B612D3D40F4}.MinSizeRel|x64.ActiveCfg = MinSizeRel|x64
		{89195B9E-26B3-310D-8151-6B612D3D40F4}.MinSizeRel|x64.Build.0 = MinSizeRel|x64
		{89195B9E-26B3-310D-8151-6B612D3D40F4}.Release|x64.ActiveCfg = Release|x64
		{89195B9E-26B3-310D-8151-6B612D3D40F4}.Release|x64.Build.0 = Release|x64
		{89195B9E-26B3-310D-8151-6B612D3D40F4}.RelWithDebInfo|x64.ActiveCfg = RelWithDebInfo|x64
		{89195B9E-26B3-310D-8151-6B612D3D40F4}.RelWithDebInfo|x64.Build.0 = RelWithDebInfo|x64
		{AE3ADE4F-BE42-350E-94D0-67F114E46BDF}.Debug|x64.ActiveCfg = Debug|x64
		{AE3ADE4F-BE42-350E-94D0-67F114E46BDF}.Debug|x64.Build.0 = Debug|x64
		{AE3ADE4F-BE42-350E-94D0-67F114E46BDF}.MinSizeRel|x64.ActiveCfg = MinSizeRel|x64
		{AE3ADE4F-BE42-350E-94D0-67F114E46BDF}.MinSizeRel|x64.Build.0 = MinSizeRel|x64
		{AE3ADE4F-BE42-350E-94D0-67F114E46BDF}.Release|x64.ActiveCfg = Release|x64
		{AE3ADE4F-BE42-350E-94D0-67F114E46BDF}.Release|x64.Build.0 = Release|x64
		{AE3ADE4F-BE42-350E-94D0-67F114E46BDF}.RelWithDebInfo|x64.ActiveCfg = RelWithDebInfo|x64
		{AE3ADE4F-BE42-350E-94D0-67F114E46BDF}.RelWithDebInfo|x64.Build.0 = RelWithDebInfo|x64
		{BCD5A686-8341-36F3-9F6F-E9622D17AC09}.Debug|x64.ActiveCfg = Debug|x64
		{BCD5A686-8341-36F3-9F6F-E9622D17AC09}.Debug|x64.Build.0 = Debug|x64
		{BCD5A686-8341-36F3-9F6F-E9622D17AC09}.MinSizeRel|x64.ActiveCfg = MinSizeRel|x64
		{BCD5A686-8341-36F3-9F6F-E9622D17AC09}.MinSizeRel|x64.Build.0 = MinSizeRel|x64
		{BCD5A686-8341-36F3-9F6F-E9622D17AC09}.Release|x64.ActiveCfg = Release|x64
		{BCD5A686-8341-36F3-9F6F-E9622D17AC09}.Release|x64.Build.0 = Release|x64
		{BCD5A686-8341-36F3-9F6F-E9622D17AC09}.RelWithDebInfo|x64.ActiveCfg = RelWithDebInfo|x64
		{BCD5A686-8341-36F3-9F6F-E9622D17AC09}.RelWithDebInfo|x64.Build.0 = RelWithDebInfo|x64
		{AEBAC67D-2E5E-3722-8EA7-BD59F75E966D}.Debug|x64.ActiveCfg = Debug|x64
		{AEBAC67D-2E5E-3722-8EA7-BD59F75E966D}.Debug|x64.Build.0 = Debug|x64
		{AEBAC67D-2E5E-3722-8EA7-BD59F75E966D}.MinSizeRel|x64.ActiveCfg = MinSizeRel|x64
		{AEBAC67D-2E5E-3722-8EA7-BD59F75E966D}.MinSizeRel|x64.Build.0 = MinSizeRel|x64
		{AEBAC67D-2E5E-3722-8EA7-BD59F75E966D}.Release|x64.ActiveCfg = Release|x64
		{AEBAC67D-2E5E-3722-8EA7-BD59F75E966D}.Release|x64.Build.0 = Release|x64
		{AEBAC67D-2E5E-3722-8EA7-BD59F75E966D}.RelWithDebInfo|x64.ActiveCfg = RelWithDebInfo|x64
		{AEBAC67D-2E5E-3722-8EA7-BD59F75E966D}.RelWithDebInfo|x64.Build.0 = RelWithDebInfo|x64
		{EF14FA08-5788-3B4E-B524-C53FE87BE84B}.Debug|x64.ActiveCfg = Debug|x64
		{EF14FA08-5788-3B4E-B524-C53FE87BE84B}.Debug|x64.Build.0 = Debug|x64
		{EF14FA08-5788-3B4E-B524-C53FE87BE84B}.MinSizeRel|x64.ActiveCfg = MinSizeRel|x64
		{EF14FA08-5788-3B4E-B524-C53FE87BE84B}.MinSizeRel|x64.Build.0 = MinSizeRel|x64
		{EF14FA08-5788-3B4E-B524-C53FE87BE84B}.Release|x64.ActiveCfg = Release|x64
		{EF14FA08-5788-3B4E-B524-C53FE87BE84B}.Release|x64.Build.0 = Release|x64
		{EF14FA08-5788-3B4E-B524-C53FE87BE84B}.RelWithDebInfo|x64.ActiveCfg = RelWithDebInfo|x64
		{EF14FA08-5788-3B4E-B524-C53FE87BE84B}.RelWithDebInfo|x64.Build.0 = RelWithDebInfo|x64
		{5E7A7DD9-8D1C-36C9-907C-EE528E94258A}.Debug|x64.ActiveCfg = Debug|x64
		{5E7A7DD9-8D1C-36C9-907C-EE528E94258A}.Debug|x64.Build.0 = Debug|x64
		{5E7A7DD9-8D1C-36C9-907C-EE528E94258A}.MinSizeRel|x64.ActiveCfg = MinSizeRel|x64
		{5E7A7DD9-8D1C-36C9-907C-EE528E94258A}.MinSizeRel|x64.Build.0 = MinSizeRel|x64
		{5E7A7DD9-8D1C-36C9-907C-EE528E94258A}.Release|x64.ActiveCfg = Release|x64
		{5E7A7DD9-8D1C-36C9-907C-EE528E94258A}.Release|x64.Build.0 = Release|x64
		{5E7A7DD9-8D1C-36C9-907C-EE528E94258A}.RelWithDebInfo|x64.ActiveCfg = RelWithDebInfo|x64
		{5E7A7DD9-8D1C-36C9-907C-EE528E94258A}.RelWithDebInfo|x64.Build.0 = RelWithDebInfo|x64
		{2EBDAF9B-C563-3811-A8AC-136E3A4D2198}.Debug|x64.ActiveCfg = Debug|x64
		{2EBDAF9B-C563-3811-A8AC-136E3A4D2198}.Debug|x64.Build.0 = Debug|x64
		{2EBDAF9B-C563-3811-A8AC-136E3A4D2198}.MinSizeRel|x64.ActiveCfg = MinSizeRel|x64
		{2EBDAF9B-C563-3811-A8AC-136E3A4D2198}.MinSizeRel|x64.Build.0 = MinSizeRel|x64
		{2EBDAF9B-C563-3811-A8AC-136E3A4D2198}.Release|x64.ActiveCfg = Release|x64
		{2EBDAF9B-C563-3811-A8AC-136E3A4D2198}.Release|x64.Build.0 = Release|x64
		{2EBDAF9B-C563-3811-A8AC-136E3A4D2198}.RelWithDebInfo|x64.ActiveCfg = RelWithDebInfo|x64
		{2EBDAF9B-C563-3811-A8AC-136E3A4D2198}.RelWithDebInfo|x64.Build.0 = RelWithDebInfo|x64
		{663F0E39-D53E-3DFD-8385-70D953279D6C}.Debug|x64.ActiveCfg = Debug|x64
		{663F0E39-D53E-3DFD-8385-70D953279D6C}.Debug|x64.Build.0 = Debug|x64
		{663F0E39-D53E-3DFD-8385-70D953279D6C}.MinSizeRel|x64.ActiveCfg = MinSizeRel|x64
		{663F0E39-D53E-3DFD-8385-70D953279D6C}.MinSizeRel|x64.Build.0 = MinSizeRel|x64
		{663F0E39-D53E-3DFD-8385-70D953279D6C}.Release|x64.ActiveCfg = Release|x64
		{663F0E39-D53E-3DFD-8385-70D953279D6C}.Release|x64.Build.0 = Release|x64
		{663F0E39-D53E-3DFD-8385-70D953279D6C}.RelWithDebInfo|x64.ActiveCfg = RelWithDebInfo|x64
		{663F0E39-D53E-3DFD-8385-70D953279D6C}.RelWithDebInfo|x64.Build.0 = RelWithDebInfo|x64
		{350A8381-A72B-31AC-A30F-B0A65F6A2011}.Debug|x64.ActiveCfg = Debug|x64
		{350A8381-A72B-31AC-A30F-B0A65F6A2011}.Debug|x64.Build.0 = Debug|x64
		{350A8381-A72B-31AC-A30F-B0A65F6A2011}.MinSizeRel|x64.ActiveCfg = MinSizeRel|x64
		{350A8381-A72B-31AC-A30F-B0A65F6A2011}.MinSizeRel|x64.Build.0 = MinSizeRel|x64
		{350A8381-A72B-31AC-A30F-B0A65F6A2011}.Release|x64.ActiveCfg = Release|x64
		{350A8381-A72B-31AC-A30F-B0A65F6A2011}.Release|x64.Build.0 = Release|x64
		{350A8381-A72B-31AC-A30F-B0A65F6A2011}.RelWithDebInfo|x64.ActiveCfg = RelWithDebInfo|x64
		{350A8381-A72B-31AC-A30F-B0A65F6A2011}.RelWithDebInfo|x64.Build.0 = RelWithDebInfo|x64
		{BCA015F4-D1D7-39B1-81BA-3B4FAE281403}.Debug|x64.ActiveCfg = Debug|x64
		{BCA015F4-D1D7-39B1-81BA-3B4FAE281403}.Debug|x64.Build.0 = Debug|x64
		{BCA015F4-D1D7-39B1-81BA-3B4FAE281403}.MinSizeRel|x64.ActiveCfg = MinSizeRel|x64
		{BCA015F4-D1D7-39B1-81BA-3B4FAE281403}.MinSizeRel|x64.Build.0 = MinSizeRel|x64
		{BCA015F4-D1D7-39B1-81BA-3B4FAE281403}.Release|x64.ActiveCfg = Release|x64
		{BCA015F4-D1D7-39B1-81BA-3B4FAE281403}.Release|x64.Build.0 = Release|x64
		{BCA015F4-D1D7-39B1-81BA-3B4FAE281403}.RelWithDebInfo|x64.ActiveCfg = RelWithDebInfo|x64
		{BCA015F4-D1D7-39B1-81BA-3B4FAE281403}.RelWithDebInfo|x64.Build.0 = RelWithDebInfo|x64
		{CB0EA8E2-B04D-38BA-9605-4966ACAE8B13}.Debug|x64.ActiveCfg = Debug|x64
		{CB0EA8E2-B04D-38BA-9605-4966ACAE8B13}.Debug|x64.Build.0 = Debug|x64
		{CB0EA8E2-B04D-38BA-9605-4966ACAE8B13}.MinSizeRel|x64.ActiveCfg = MinSizeRel|x64
		{CB0EA8E2-B04D-38BA-9605-4966ACAE8B13}.MinSizeRel|x64.Build.0 = MinSizeRel|x64
		{CB0EA8E2-B04D-38BA-9605-4966ACAE8B13}.Release|x64.ActiveCfg = Release|x64
		{CB0EA8E2-B04D-38BA-9605-4966ACAE8B13}.Release|x64.Build.0 = Release|x64
		{CB0EA8E2-B04D-38BA-9605-4966ACAE8B13}.RelWithDebInfo|x64.ActiveCfg = RelWithDebInfo|x64
		{CB0EA8E2-B04D-38BA-9605-4966ACAE8B13}.RelWithDebInfo|x64.Build.0 = RelWithDebInfo|x64
		{209602E3-019B-38BB-A9F7-D8F55CE28F05}.Debug|x64.ActiveCfg = Debug|x64
		{209602E3-019B-38BB-A9F7-D8F55CE28F05}.Debug|x64.Build.0 = Debug|x64
		{209602E3-019B-38BB-A9F7-D8F55CE28F05}.MinSizeRel|x64.ActiveCfg = MinSizeRel|x64
		{209602E3-019B-38BB-A9F7-D8F55CE28F05}.MinSizeRel|x64.Build.0 = MinSizeRel|x64
		{209602E3-019B-38BB-A9F7-D8F55CE28F05}.Release|x64.ActiveCfg = Release|x64
		{209602E3-019B-38BB-A9F7-D8F55CE28F05}.Release|x64.Build.0 = Release|x64
		{209602E3-019B-38BB-A9F7-D8F55CE28F05}.RelWithDebInfo|x64.ActiveCfg = RelWithDebInfo|x64
		{209602E3-019B-38BB-A9F7-D8F55CE28F05}.RelWithDebInfo|x64.Build.0 = RelWithDebInfo|x64
		{1608F0D1-D328-3FC6-B152-5FFE1613CFEB}.Debug|x64.ActiveCfg = Debug|x64
		{1608F0D1-D328-3FC6-B152-5FFE1613CFEB}.Debug|x64.Build.0 = Debug|x64
		{1608F0D1-D328-3FC6-B152-5FFE1613CFEB}.MinSizeRel|x64.ActiveCfg = MinSizeRel|x64
		{1608F0D1-D328-3FC6-B152-5FFE1613CFEB}.MinSizeRel|x64.Build.0 = MinSizeRel|x64
		{1608F0D1-D328-3FC6-B152-5FFE1613CFEB}.Release|x64.ActiveCfg = Release|x64
		{1608F0D1-D328-3FC6-B152-5FFE1613CFEB}.Release|x64.Build.0 = Release|x64
		{1608F0D1-D328-3FC6-B152-5FFE1613CFEB}.RelWithDebInfo|x64.ActiveCfg = RelWithDebInfo|x64
		{1608F0D1-D328-3FC6-B152-5FFE1613CFEB}.RelWithDebInfo|x64.Build.0 = RelWithDebInfo|x64
		{452C4BB0-FF4B-3546-8B8F-8E99E671739D}.Debug|x64.ActiveCfg = Debug|x64
		{452C4BB0-FF4B-3546-8B8F-8E99E671739D}.Debug|x64.Build.0 = Debug|x64
		{452C4BB0-FF4B-3546-8B8F-8E99E671739D}.MinSizeRel|x64.ActiveCfg = MinSizeRel|x64
		{452C4BB0-FF4B-3546-8B8F-8E99E671739D}.MinSizeRel|x64.Build.0 = MinSizeRel|x64
		{452C4BB0-FF4B-3546-8B8F-8E99E671739D}.Release|x64.ActiveCfg = Release|x64
		{452C4BB0-FF4B-3546-8B8F-8E99E671739D}.Release|x64.Build.0 = Release|x64
		{452C4BB0-FF4B-3546-8B8F-8E99E671739D}.RelWithDebInfo|x64.ActiveCfg = RelWithDebInfo|x64
		{452C4BB0-FF4B-3546-8B8F-8E99E671739D}.RelWithDebInfo|x64.Build.0 = RelWithDebInfo|x64
		{C0CC3722-E0A0-3E66-9881-0B82220A7D10}.Debug|x64.ActiveCfg = Debug|x64
		{C0CC3722-E0A0-3E66-9881-0B82220A7D10}.Debug|x64.Build.0 = Debug|x64
		{C0CC3722-E0A0-3E66-9881-0B82220A7D10}.MinSizeRel|x64.ActiveCfg = MinSizeRel|x64
		{C0CC3722-E0A0-3E66-9881-0B82220A7D10}.MinSizeRel|x64.Build.0 = MinSizeRel|x64
		{C0CC3722-E0A0-3E66-9881-0B82220A7D10}.Release|x64.ActiveCfg = Release|x64
		{C0CC3722-E0A0-3E66-9881-0B82220A7D10}.Release|x64.Build.0 = Release|x64
		{C0CC3722-E0A0-3E66-9881-0B82220A7D10}.RelWithDebInfo|x64.ActiveCfg = RelWithDebInfo|x64
		{C0CC3722-E0A0-3E66-9881-0B82220A7D10}.RelWithDebInfo|x64.Build.0 = RelWithDebInfo|x64
		{381D01F4-3E17-33DA-981E-4D3A795D58A8}.Debug|x64.ActiveCfg = Debug|x64
		{381D01F4-3E17-33DA-981E-4D3A795D58A8}.Debug|x64.Build.0 = Debug|x64
		{381D01F4-3E17-33DA-981E-4D3A795D58A8}.MinSizeRel|x64.ActiveCfg = MinSizeRel|x64
		{381D01F4-3E17-33DA-981E-4D3A795D58A8}.MinSizeRel|x64.Build.0 = MinSizeRel|x64
		{381D01F4-3E17-33DA-981E-4D3A795D58A8}.Release|x64.ActiveCfg = Release|x64
		{381D01F4-3E17-33DA-981E-4D3A795D58A8}.Release|x64.Build.0 = Release|x64
		{381D01F4-3E17-33DA-981E-4D3A795D58A8}.RelWithDebInfo|x64.ActiveCfg = RelWithDebInfo|x64
		{381D01F4-3E17-33DA-981E-4D3A795D58A8}.RelWithDebInfo|x64.Build.0 = RelWithDebInfo|x64
		{0F65D59C-69C8-3936-832E-C286026DCF47}.Debug|x64.ActiveCfg = Debug|x64
		{0F65D59C-69C8-3936-832E-C286026DCF47}.Debug|x64.Build.0 = Debug|x64
		{0F65D59C-69C8-3936-832E-C286026DCF47}.MinSizeRel|x64.ActiveCfg = MinSizeRel|x64
		{0F65D59C-69C8-3936-832E-C286026DCF47}.MinSizeRel|x64.Build.0 = MinSizeRel|x64
		{0F65D59C-69C8-3936-832E-C286026DCF47}.Release|x64.ActiveCfg = Release|x64
		{0F65D59C-69C8-3936-832E-C286026DCF47}.Release|x64.Build.0 = Release|x64
		{0F65D59C-69C8-3936-832E-C286026DCF47}.RelWithDebInfo|x64.ActiveCfg = RelWithDebInfo|x64
		{0F65D59C-69C8-3936-832E-C286026DCF47}.RelWithDebInfo|x64.Build.0 = RelWithDebInfo|x64
		{9938A2D3-66C1-36C1-903E-AAA384752DEC}.Debug|x64.ActiveCfg = Debug|x64
		{9938A2D3-66C1-36C1-903E-AAA384752DEC}.Debug|x64.Build.0 = Debug|x64
		{9938A2D3-66C1-36C1-903E-AAA384752DEC}.MinSizeRel|x64.ActiveCfg = MinSizeRel|x64
		{9938A2D3-66C1-36C1-903E-AAA384752DEC}.MinSizeRel|x64.Build.0 = MinSizeRel|x64
		{9938A2D3-66C1-36C1-903E-AAA384752DEC}.Release|x64.ActiveCfg = Release|x64
		{9938A2D3-66C1-36C1-903E-AAA384752DEC}.Release|x64.Build.0 = Release|x64
		{9938A2D3-66C1-36C1-903E-AAA384752DEC}.RelWithDebInfo|x64.ActiveCfg = RelWithDebInfo|x64
		{9938A2D3-66C1-36C1-903E-AAA384752DEC}.RelWithDebInfo|x64.Build.0 = RelWithDebInfo|x64
		{C142DF07-BF89-3C09-96F9-5526D9572A11}.Debug|x64.ActiveCfg = Debug|x64
		{C142DF07-BF89-3C09-96F9-5526D9572A11}.Debug|x64.Build.0 = Debug|x64
		{C142DF07-BF89-3C09-96F9-5526D9572A11}.MinSizeRel|x64.ActiveCfg = MinSizeRel|x64
		{C142DF07-BF89-3C09-96F9-5526D9572A11}.MinSizeRel|x64.Build.0 = MinSizeRel|x64
		{C142DF07-BF89-3C09-96F9-5526D9572A11}.Release|x64.ActiveCfg = Release|x64
		{C142DF07-BF89-3C09-96F9-5526D9572A11}.Release|x64.Build.0 = Release|x64
		{C142DF07-BF89-3C09-96F9-5526D9572A11}.RelWithDebInfo|x64.ActiveCfg = RelWithDebInfo|x64
		{C142DF07-BF89-3C09-96F9-5526D9572A11}.RelWithDebInfo|x64.Build.0 = RelWithDebInfo|x64
	EndGlobalSection
	GlobalSection(SolutionProperties) = preSolution
		HideSolutionNode = FALSE
	EndGlobalSection
	GlobalSection(ExtensibilityGlobals) = postSolution
		SolutionGuid = {66592C60-A1E0-3063-A42F-94A95179A299}
	EndGlobalSection
EndGlobal
