
Microsoft Visual Studio Solution File, Format Version 12.00
# Visual Studio Version 17
Project("{8BC9CEB8-8B4A-11D0-8D11-00A0C91BC942}") = "ALL_BUILD", "ALL_BUILD.vcxproj", "{743DE1ED-2437-3419-83F1-5BBFCC5240B5}"
	ProjectSection(ProjectDependencies) = postProject
		{7E4286C6-5548-3430-8FAE-8A46A0F00C27} = {7E4286C6-5548-3430-8FAE-8A46A0F00C27}
		{1B59EB74-C3D3-323E-AF21-297EEA387585} = {1B59EB74-C3D3-323E-AF21-297EEA387585}
		{7A705396-C018-3A2A-859D-27320D821C7E} = {7A705396-C018-3A2A-859D-27320D821C7E}
		{98C405CF-FE93-30EC-A6E1-C97142B9E1E0} = {98C405CF-FE93-30EC-A6E1-C97142B9E1E0}
		{5524B0E0-10BD-35BA-AEDB-4DE50CC7318F} = {5524B0E0-10BD-35BA-AEDB-4DE50CC7318F}
		{09048BC5-0897-3784-AA97-FF811B7CACED} = {09048BC5-0897-3784-AA97-FF811B7CACED}
		{BF4112DC-B2B0-3674-B053-E80B661051BB} = {BF4112DC-B2B0-3674-B053-E80B661051BB}
		{2A200F83-7EBD-387B-B293-CC5840A64B97} = {2A200F83-7EBD-387B-B293-CC5840A64B97}
		{CE01F4D7-43B7-3DAD-B7B6-844EE5F8A601} = {CE01F4D7-43B7-3DAD-B7B6-844EE5F8A601}
		{05E8BF7B-9603-30CA-A9BD-95225038D9E3} = {05E8BF7B-9603-30CA-A9BD-95225038D9E3}
		{EFA37E36-3196-36FB-9167-19D002CAE757} = {EFA37E36-3196-36FB-9167-19D002CAE757}
		{399BD98C-2FFD-353E-AFE4-BC4C4EE838A3} = {399BD98C-2FFD-353E-AFE4-BC4C4EE838A3}
		{5A440C20-4D16-3991-B41F-7C8D395B3EAD} = {5A440C20-4D16-3991-B41F-7C8D395B3EAD}
		{2F1D5144-D3F4-3325-9EA2-CB4468EEF82E} = {2F1D5144-D3F4-3325-9EA2-CB4468EEF82E}
		{2A179795-2921-35E3-B28D-8EE1A22BA3D8} = {2A179795-2921-35E3-B28D-8EE1A22BA3D8}
		{918C1743-377B-3299-BCA1-A3542DD429D5} = {918C1743-377B-3299-BCA1-A3542DD429D5}
		{18E1D392-C417-3C77-9226-A3B6747BFB40} = {18E1D392-C417-3C77-9226-A3B6747BFB40}
		{F17F50E4-B875-3F15-9E4D-73CE5406B61E} = {F17F50E4-B875-3F15-9E4D-73CE5406B61E}
		{BC7EEA0E-A5FB-36EB-9D69-03DD24C3EFFB} = {BC7EEA0E-A5FB-36EB-9D69-03DD24C3EFFB}
		{E8580585-3134-3D88-A535-1BA6E607CF5B} = {E8580585-3134-3D88-A535-1BA6E607CF5B}
		{2AADF022-F42B-3BA1-9A30-A710EB5C076D} = {2AADF022-F42B-3BA1-9A30-A710EB5C076D}
		{3AE7E588-CE6B-3A75-B8E3-71DE8CDEFA2D} = {3AE7E588-CE6B-3A75-B8E3-71DE8CDEFA2D}
		{848C0AD6-15A4-367D-89F1-04334C1EBDCE} = {848C0AD6-15A4-367D-89F1-04334C1EBDCE}
		{809D2586-E7E6-352A-94FC-798C7BFF1EEA} = {809D2586-E7E6-352A-94FC-798C7BFF1EEA}
		{CCDEB8E2-E72C-3CE7-84BC-F85C5E54307B} = {CCDEB8E2-E72C-3CE7-84BC-F85C5E54307B}
	EndProjectSection
EndProject
Project("{8BC9CEB8-8B4A-11D0-8D11-00A0C91BC942}") = "Continuous", "tinyxml2\Continuous.vcxproj", "{687338B3-588D-3AA8-9AFA-5F5B13856692}"
	ProjectSection(ProjectDependencies) = postProject
		{7E4286C6-5548-3430-8FAE-8A46A0F00C27} = {7E4286C6-5548-3430-8FAE-8A46A0F00C27}
	EndProjectSection
EndProject
Project("{8BC9CEB8-8B4A-11D0-8D11-00A0C91BC942}") = "Experimental", "tinyxml2\Experimental.vcxproj", "{A8351272-7244-37AC-9AAD-C4141381FB59}"
	ProjectSection(ProjectDependencies) = postProject
		{7E4286C6-5548-3430-8FAE-8A46A0F00C27} = {7E4286C6-5548-3430-8FAE-8A46A0F00C27}
	EndProjectSection
EndProject
Project("{8BC9CEB8-8B4A-11D0-8D11-00A0C91BC942}") = "INSTALL", "INSTALL.vcxproj", "{C5FB1C83-AB62-3F41-9FB6-0158FF85216C}"
	ProjectSection(ProjectDependencies) = postProject
		{743DE1ED-2437-3419-83F1-5BBFCC5240B5} = {743DE1ED-2437-3419-83F1-5BBFCC5240B5}
		{7E4286C6-5548-3430-8FAE-8A46A0F00C27} = {7E4286C6-5548-3430-8FAE-8A46A0F00C27}
	EndProjectSection
EndProject
Project("{8BC9CEB8-8B4A-11D0-8D11-00A0C91BC942}") = "Nightly", "tinyxml2\Nightly.vcxproj", "{3D8656C3-0CF4-32BD-90DE-AB6AC76381F0}"
	ProjectSection(ProjectDependencies) = postProject
		{7E4286C6-5548-3430-8FAE-8A46A0F00C27} = {7E4286C6-5548-3430-8FAE-8A46A0F00C27}
	EndProjectSection
EndProject
Project("{8BC9CEB8-8B4A-11D0-8D11-00A0C91BC942}") = "NightlyMemoryCheck", "tinyxml2\NightlyMemoryCheck.vcxproj", "{64983C4F-99FA-3982-A5B8-29B9498A4782}"
	ProjectSection(ProjectDependencies) = postProject
		{7E4286C6-5548-3430-8FAE-8A46A0F00C27} = {7E4286C6-5548-3430-8FAE-8A46A0F00C27}
	EndProjectSection
EndProject
Project("{8BC9CEB8-8B4A-11D0-8D11-00A0C91BC942}") = "ZERO_CHECK", "ZERO_CHECK.vcxproj", "{7E4286C6-5548-3430-8FAE-8A46A0F00C27}"
	ProjectSection(ProjectDependencies) = postProject
	EndProjectSection
EndProject
Project("{8BC9CEB8-8B4A-11D0-8D11-00A0C91BC942}") = "axicon", "examples\axicon\axicon.vcxproj", "{1B59EB74-C3D3-323E-AF21-297EEA387585}"
	ProjectSection(ProjectDependencies) = postProject
		{7E4286C6-5548-3430-8FAE-8A46A0F00C27} = {7E4286C6-5548-3430-8FAE-8A46A0F00C27}
		{BF4112DC-B2B0-3674-B053-E80B661051BB} = {BF4112DC-B2B0-3674-B053-E80B661051BB}
		{CE01F4D7-43B7-3DAD-B7B6-844EE5F8A601} = {CE01F4D7-43B7-3DAD-B7B6-844EE5F8A601}
	EndProjectSection
EndProject
Project("{8BC9CEB8-8B4A-11D0-8D11-00A0C91BC942}") = "axicon2", "examples\axicon\axicon2.vcxproj", "{7A705396-C018-3A2A-859D-27320D821C7E}"
	ProjectSection(ProjectDependencies) = postProject
		{7E4286C6-5548-3430-8FAE-8A46A0F00C27} = {7E4286C6-5548-3430-8FAE-8A46A0F00C27}
		{BF4112DC-B2B0-3674-B053-E80B661051BB} = {BF4112DC-B2B0-3674-B053-E80B661051BB}
		{CE01F4D7-43B7-3DAD-B7B6-844EE5F8A601} = {CE01F4D7-43B7-3DAD-B7B6-844EE5F8A601}
	EndProjectSection
EndProject
Project("{8BC9CEB8-8B4A-11D0-8D11-00A0C91BC942}") = "axicon_with_box", "examples\axicon\axicon_with_box.vcxproj", "{98C405CF-FE93-30EC-A6E1-C97142B9E1E0}"
	ProjectSection(ProjectDependencies) = postProject
		{7E4286C6-5548-3430-8FAE-8A46A0F00C27} = {7E4286C6-5548-3430-8FAE-8A46A0F00C27}
		{BF4112DC-B2B0-3674-B053-E80B661051BB} = {BF4112DC-B2B0-3674-B053-E80B661051BB}
		{CE01F4D7-43B7-3DAD-B7B6-844EE5F8A601} = {CE01F4D7-43B7-3DAD-B7B6-844EE5F8A601}
	EndProjectSection
EndProject
Project("{8BC9CEB8-8B4A-11D0-8D11-00A0C91BC942}") = "boxtest", "examples\usptest\boxtest.vcxproj", "{5524B0E0-10BD-35BA-AEDB-4DE50CC7318F}"
	ProjectSection(ProjectDependencies) = postProject
		{7E4286C6-5548-3430-8FAE-8A46A0F00C27} = {7E4286C6-5548-3430-8FAE-8A46A0F00C27}
		{BF4112DC-B2B0-3674-B053-E80B661051BB} = {BF4112DC-B2B0-3674-B053-E80B661051BB}
		{CE01F4D7-43B7-3DAD-B7B6-844EE5F8A601} = {CE01F4D7-43B7-3DAD-B7B6-844EE5F8A601}
	EndProjectSection
EndProject
Project("{8BC9CEB8-8B4A-11D0-8D11-00A0C91BC942}") = "cp_trap", "examples\ot\cp_trap.vcxproj", "{09048BC5-0897-3784-AA97-FF811B7CACED}"
	ProjectSection(ProjectDependencies) = postProject
		{7E4286C6-5548-3430-8FAE-8A46A0F00C27} = {7E4286C6-5548-3430-8FAE-8A46A0F00C27}
		{BF4112DC-B2B0-3674-B053-E80B661051BB} = {BF4112DC-B2B0-3674-B053-E80B661051BB}
		{2A200F83-7EBD-387B-B293-CC5840A64B97} = {2A200F83-7EBD-387B-B293-CC5840A64B97}
	EndProjectSection
EndProject
Project("{8BC9CEB8-8B4A-11D0-8D11-00A0C91BC942}") = "goat_maths", "maths\goat_maths.vcxproj", "{BF4112DC-B2B0-3674-B053-E80B661051BB}"
	ProjectSection(ProjectDependencies) = postProject
		{7E4286C6-5548-3430-8FAE-8A46A0F00C27} = {7E4286C6-5548-3430-8FAE-8A46A0F00C27}
	EndProjectSection
EndProject
Project("{8BC9CEB8-8B4A-11D0-8D11-00A0C91BC942}") = "goat_raytracing", "raytracing\goat_raytracing.vcxproj", "{2A200F83-7EBD-387B-B293-CC5840A64B97}"
	ProjectSection(ProjectDependencies) = postProject
		{7E4286C6-5548-3430-8FAE-8A46A0F00C27} = {7E4286C6-5548-3430-8FAE-8A46A0F00C27}
	EndProjectSection
EndProject
Project("{8BC9CEB8-8B4A-11D0-8D11-00A0C91BC942}") = "goat_raytracing_mp", "raytracing\goat_raytracing_mp.vcxproj", "{CE01F4D7-43B7-3DAD-B7B6-844EE5F8A601}"
	ProjectSection(ProjectDependencies) = postProject
		{7E4286C6-5548-3430-8FAE-8A46A0F00C27} = {7E4286C6-5548-3430-8FAE-8A46A0F00C27}
	EndProjectSection
EndProject
Project("{8BC9CEB8-8B4A-11D0-8D11-00A0C91BC942}") = "goat_xml", "XML\goat_xml.vcxproj", "{05E8BF7B-9603-30CA-A9BD-95225038D9E3}"
	ProjectSection(ProjectDependencies) = postProject
		{7E4286C6-5548-3430-8FAE-8A46A0F00C27} = {7E4286C6-5548-3430-8FAE-8A46A0F00C27}
	EndProjectSection
EndProject
Project("{8BC9CEB8-8B4A-11D0-8D11-00A0C91BC942}") = "layers", "examples\layers\layers.vcxproj", "{EFA37E36-3196-36FB-9167-19D002CAE757}"
	ProjectSection(ProjectDependencies) = postProject
		{7E4286C6-5548-3430-8FAE-8A46A0F00C27} = {7E4286C6-5548-3430-8FAE-8A46A0F00C27}
		{BF4112DC-B2B0-3674-B053-E80B661051BB} = {BF4112DC-B2B0-3674-B053-E80B661051BB}
		{2A200F83-7EBD-387B-B293-CC5840A64B97} = {2A200F83-7EBD-387B-B293-CC5840A64B97}
	EndProjectSection
EndProject
Project("{8BC9CEB8-8B4A-11D0-8D11-00A0C91BC942}") = "mctest", "examples\mctest\mctest.vcxproj", "{399BD98C-2FFD-353E-AFE4-BC4C4EE838A3}"
	ProjectSection(ProjectDependencies) = postProject
		{7E4286C6-5548-3430-8FAE-8A46A0F00C27} = {7E4286C6-5548-3430-8FAE-8A46A0F00C27}
		{BF4112DC-B2B0-3674-B053-E80B661051BB} = {BF4112DC-B2B0-3674-B053-E80B661051BB}
		{2A200F83-7EBD-387B-B293-CC5840A64B97} = {2A200F83-7EBD-387B-B293-CC5840A64B97}
	EndProjectSection
EndProject
Project("{8BC9CEB8-8B4A-11D0-8D11-00A0C91BC942}") = "mctest2", "examples\mctest\mctest2.vcxproj", "{5A440C20-4D16-3991-B41F-7C8D395B3EAD}"
	ProjectSection(ProjectDependencies) = postProject
		{7E4286C6-5548-3430-8FAE-8A46A0F00C27} = {7E4286C6-5548-3430-8FAE-8A46A0F00C27}
		{BF4112DC-B2B0-3674-B053-E80B661051BB} = {BF4112DC-B2B0-3674-B053-E80B661051BB}
		{2A200F83-7EBD-387B-B293-CC5840A64B97} = {2A200F83-7EBD-387B-B293-CC5840A64B97}
	EndProjectSection
EndProject
Project("{8BC9CEB8-8B4A-11D0-8D11-00A0C91BC942}") = "otexample", "examples\ot\otexample.vcxproj", "{2F1D5144-D3F4-3325-9EA2-CB4468EEF82E}"
	ProjectSection(ProjectDependencies) = postProject
		{7E4286C6-5548-3430-8FAE-8A46A0F00C27} = {7E4286C6-5548-3430-8FAE-8A46A0F00C27}
		{BF4112DC-B2B0-3674-B053-E80B661051BB} = {BF4112DC-B2B0-3674-B053-E80B661051BB}
		{2A200F83-7EBD-387B-B293-CC5840A64B97} = {2A200F83-7EBD-387B-B293-CC5840A64B97}
	EndProjectSection
EndProject
Project("{8BC9CEB8-8B4A-11D0-8D11-00A0C91BC942}") = "pnexttest", "examples\usptest\pnexttest.vcxproj", "{2A179795-2921-35E3-B28D-8EE1A22BA3D8}"
	ProjectSection(ProjectDependencies) = postProject
		{7E4286C6-5548-3430-8FAE-8A46A0F00C27} = {7E4286C6-5548-3430-8FAE-8A46A0F00C27}
		{BF4112DC-B2B0-3674-B053-E80B661051BB} = {BF4112DC-B2B0-3674-B053-E80B661051BB}
		{2A200F83-7EBD-387B-B293-CC5840A64B97} = {2A200F83-7EBD-387B-B293-CC5840A64B97}
	EndProjectSection
EndProject
Project("{8BC9CEB8-8B4A-11D0-8D11-00A0C91BC942}") = "raytest", "examples\paths\raytest.vcxproj", "{918C1743-377B-3299-BCA1-A3542DD429D5}"
	ProjectSection(ProjectDependencies) = postProject
		{7E4286C6-5548-3430-8FAE-8A46A0F00C27} = {7E4286C6-5548-3430-8FAE-8A46A0F00C27}
		{BF4112DC-B2B0-3674-B053-E80B661051BB} = {BF4112DC-B2B0-3674-B053-E80B661051BB}
		{2A200F83-7EBD-387B-B293-CC5840A64B97} = {2A200F83-7EBD-387B-B293-CC5840A64B97}
	EndProjectSection
EndProject
Project("{8BC9CEB8-8B4A-11D0-8D11-00A0C91BC942}") = "readXML", "examplesXML\readXML.vcxproj", "{18E1D392-C417-3C77-9226-A3B6747BFB40}"
	ProjectSection(ProjectDependencies) = postProject
		{7E4286C6-5548-3430-8FAE-8A46A0F00C27} = {7E4286C6-5548-3430-8FAE-8A46A0F00C27}
		{BF4112DC-B2B0-3674-B053-E80B661051BB} = {BF4112DC-B2B0-3674-B053-E80B661051BB}
		{2A200F83-7EBD-387B-B293-CC5840A64B97} = {2A200F83-7EBD-387B-B293-CC5840A64B97}
		{05E8BF7B-9603-30CA-A9BD-95225038D9E3} = {05E8BF7B-9603-30CA-A9BD-95225038D9E3}
		{E8580585-3134-3D88-A535-1BA6E607CF5B} = {E8580585-3134-3D88-A535-1BA6E607CF5B}
	EndProjectSection
EndProject
Project("{8BC9CEB8-8B4A-11D0-8D11-00A0C91BC942}") = "sphere", "examples\sphere\sphere.vcxproj", "{F17F50E4-B875-3F15-9E4D-73CE5406B61E}"
	ProjectSection(ProjectDependencies) = postProject
		{7E4286C6-5548-3430-8FAE-8A46A0F00C27} = {7E4286C6-5548-3430-8FAE-8A46A0F00C27}
		{BF4112DC-B2B0-3674-B053-E80B661051BB} = {BF4112DC-B2B0-3674-B053-E80B661051BB}
		{CE01F4D7-43B7-3DAD-B7B6-844EE5F8A601} = {CE01F4D7-43B7-3DAD-B7B6-844EE5F8A601}
	EndProjectSection
EndProject
Project("{8BC9CEB8-8B4A-11D0-8D11-00A0C91BC942}") = "stlexample", "examples\paths\stlexample.vcxproj", "{BC7EEA0E-A5FB-36EB-9D69-03DD24C3EFFB}"
	ProjectSection(ProjectDependencies) = postProject
		{7E4286C6-5548-3430-8FAE-8A46A0F00C27} = {7E4286C6-5548-3430-8FAE-8A46A0F00C27}
		{BF4112DC-B2B0-3674-B053-E80B661051BB} = {BF4112DC-B2B0-3674-B053-E80B661051BB}
		{2A200F83-7EBD-387B-B293-CC5840A64B97} = {2A200F83-7EBD-387B-B293-CC5840A64B97}
	EndProjectSection
EndProject
Project("{8BC9CEB8-8B4A-11D0-8D11-00A0C91BC942}") = "tinyxml2", "tinyxml2\tinyxml2.vcxproj", "{E8580585-3134-3D88-A535-1BA6E607CF5B}"
	ProjectSection(ProjectDependencies) = postProject
		{7E4286C6-5548-3430-8FAE-8A46A0F00C27} = {7E4286C6-5548-3430-8FAE-8A46A0F00C27}
	EndProjectSection
EndProject
Project("{8BC9CEB8-8B4A-11D0-8D11-00A0C91BC942}") = "usp_compress", "examples\usptest\usp_compress.vcxproj", "{2AADF022-F42B-3BA1-9A30-A710EB5C076D}"
	ProjectSection(ProjectDependencies) = postProject
		{7E4286C6-5548-3430-8FAE-8A46A0F00C27} = {7E4286C6-5548-3430-8FAE-8A46A0F00C27}
		{BF4112DC-B2B0-3674-B053-E80B661051BB} = {BF4112DC-B2B0-3674-B053-E80B661051BB}
		{2A200F83-7EBD-387B-B293-CC5840A64B97} = {2A200F83-7EBD-387B-B293-CC5840A64B97}
	EndProjectSection
EndProject
Project("{8BC9CEB8-8B4A-11D0-8D11-00A0C91BC942}") = "usp_ellipsoid", "examples\usptest\usp_ellipsoid.vcxproj", "{3AE7E588-CE6B-3A75-B8E3-71DE8CDEFA2D}"
	ProjectSection(ProjectDependencies) = postProject
		{7E4286C6-5548-3430-8FAE-8A46A0F00C27} = {7E4286C6-5548-3430-8FAE-8A46A0F00C27}
		{BF4112DC-B2B0-3674-B053-E80B661051BB} = {BF4112DC-B2B0-3674-B053-E80B661051BB}
		{CE01F4D7-43B7-3DAD-B7B6-844EE5F8A601} = {CE01F4D7-43B7-3DAD-B7B6-844EE5F8A601}
	EndProjectSection
EndProject
Project("{8BC9CEB8-8B4A-11D0-8D11-00A0C91BC942}") = "usp_raytest", "examples\usptest\usp_raytest.vcxproj", "{848C0AD6-15A4-367D-89F1-04334C1EBDCE}"
	ProjectSection(ProjectDependencies) = postProject
		{7E4286C6-5548-3430-8FAE-8A46A0F00C27} = {7E4286C6-5548-3430-8FAE-8A46A0F00C27}
		{BF4112DC-B2B0-3674-B053-E80B661051BB} = {BF4112DC-B2B0-3674-B053-E80B661051BB}
		{2A200F83-7EBD-387B-B293-CC5840A64B97} = {2A200F83-7EBD-387B-B293-CC5840A64B97}
	EndProjectSection
EndProject
Project("{8BC9CEB8-8B4A-11D0-8D11-00A0C91BC942}") = "usptest", "examples\usptest\usptest.vcxproj", "{809D2586-E7E6-352A-94FC-798C7BFF1EEA}"
	ProjectSection(ProjectDependencies) = postProject
		{7E4286C6-5548-3430-8FAE-8A46A0F00C27} = {7E4286C6-5548-3430-8FAE-8A46A0F00C27}
		{BF4112DC-B2B0-3674-B053-E80B661051BB} = {BF4112DC-B2B0-3674-B053-E80B661051BB}
		{2A200F83-7EBD-387B-B293-CC5840A64B97} = {2A200F83-7EBD-387B-B293-CC5840A64B97}
	EndProjectSection
EndProject
Project("{8BC9CEB8-8B4A-11D0-8D11-00A0C91BC942}") = "usptest_spatial", "examples\usptest\usptest_spatial.vcxproj", "{CCDEB8E2-E72C-3CE7-84BC-F85C5E54307B}"
	ProjectSection(ProjectDependencies) = postProject
		{7E4286C6-5548-3430-8FAE-8A46A0F00C27} = {7E4286C6-5548-3430-8FAE-8A46A0F00C27}
		{BF4112DC-B2B0-3674-B053-E80B661051BB} = {BF4112DC-B2B0-3674-B053-E80B661051BB}
		{2A200F83-7EBD-387B-B293-CC5840A64B97} = {2A200F83-7EBD-387B-B293-CC5840A64B97}
	EndProjectSection
EndProject
Global
	GlobalSection(SolutionConfigurationPlatforms) = preSolution
		Debug|x64 = Debug|x64
		Release|x64 = Release|x64
		MinSizeRel|x64 = MinSizeRel|x64
		RelWithDebInfo|x64 = RelWithDebInfo|x64
	EndGlobalSection
	GlobalSection(ProjectConfigurationPlatforms) = postSolution
		{743DE1ED-2437-3419-83F1-5BBFCC5240B5}.Debug|x64.ActiveCfg = Debug|x64
		{743DE1ED-2437-3419-83F1-5BBFCC5240B5}.Debug|x64.Build.0 = Debug|x64
		{743DE1ED-2437-3419-83F1-5BBFCC5240B5}.Release|x64.ActiveCfg = Release|x64
		{743DE1ED-2437-3419-83F1-5BBFCC5240B5}.Release|x64.Build.0 = Release|x64
		{743DE1ED-2437-3419-83F1-5BBFCC5240B5}.MinSizeRel|x64.ActiveCfg = MinSizeRel|x64
		{743DE1ED-2437-3419-83F1-5BBFCC5240B5}.MinSizeRel|x64.Build.0 = MinSizeRel|x64
		{743DE1ED-2437-3419-83F1-5BBFCC5240B5}.RelWithDebInfo|x64.ActiveCfg = RelWithDebInfo|x64
		{743DE1ED-2437-3419-83F1-5BBFCC5240B5}.RelWithDebInfo|x64.Build.0 = RelWithDebInfo|x64
		{687338B3-588D-3AA8-9AFA-5F5B13856692}.Debug|x64.ActiveCfg = Debug|x64
		{687338B3-588D-3AA8-9AFA-5F5B13856692}.Release|x64.ActiveCfg = Release|x64
		{687338B3-588D-3AA8-9AFA-5F5B13856692}.MinSizeRel|x64.ActiveCfg = MinSizeRel|x64
		{687338B3-588D-3AA8-9AFA-5F5B13856692}.RelWithDebInfo|x64.ActiveCfg = RelWithDebInfo|x64
		{A8351272-7244-37AC-9AAD-C4141381FB59}.Debug|x64.ActiveCfg = Debug|x64
		{A8351272-7244-37AC-9AAD-C4141381FB59}.Release|x64.ActiveCfg = Release|x64
		{A8351272-7244-37AC-9AAD-C4141381FB59}.MinSizeRel|x64.ActiveCfg = MinSizeRel|x64
		{A8351272-7244-37AC-9AAD-C4141381FB59}.RelWithDebInfo|x64.ActiveCfg = RelWithDebInfo|x64
		{C5FB1C83-AB62-3F41-9FB6-0158FF85216C}.Debug|x64.ActiveCfg = Debug|x64
		{C5FB1C83-AB62-3F41-9FB6-0158FF85216C}.Release|x64.ActiveCfg = Release|x64
		{C5FB1C83-AB62-3F41-9FB6-0158FF85216C}.MinSizeRel|x64.ActiveCfg = MinSizeRel|x64
		{C5FB1C83-AB62-3F41-9FB6-0158FF85216C}.RelWithDebInfo|x64.ActiveCfg = RelWithDebInfo|x64
		{3D8656C3-0CF4-32BD-90DE-AB6AC76381F0}.Debug|x64.ActiveCfg = Debug|x64
		{3D8656C3-0CF4-32BD-90DE-AB6AC76381F0}.Release|x64.ActiveCfg = Release|x64
		{3D8656C3-0CF4-32BD-90DE-AB6AC76381F0}.MinSizeRel|x64.ActiveCfg = MinSizeRel|x64
		{3D8656C3-0CF4-32BD-90DE-AB6AC76381F0}.RelWithDebInfo|x64.ActiveCfg = RelWithDebInfo|x64
		{64983C4F-99FA-3982-A5B8-29B9498A4782}.Debug|x64.ActiveCfg = Debug|x64
		{64983C4F-99FA-3982-A5B8-29B9498A4782}.Release|x64.ActiveCfg = Release|x64
		{64983C4F-99FA-3982-A5B8-29B9498A4782}.MinSizeRel|x64.ActiveCfg = MinSizeRel|x64
		{64983C4F-99FA-3982-A5B8-29B9498A4782}.RelWithDebInfo|x64.ActiveCfg = RelWithDebInfo|x64
		{7E4286C6-5548-3430-8FAE-8A46A0F00C27}.Debug|x64.ActiveCfg = Debug|x64
		{7E4286C6-5548-3430-8FAE-8A46A0F00C27}.Debug|x64.Build.0 = Debug|x64
		{7E4286C6-5548-3430-8FAE-8A46A0F00C27}.Release|x64.ActiveCfg = Release|x64
		{7E4286C6-5548-3430-8FAE-8A46A0F00C27}.Release|x64.Build.0 = Release|x64
		{7E4286C6-5548-3430-8FAE-8A46A0F00C27}.MinSizeRel|x64.ActiveCfg = MinSizeRel|x64
		{7E4286C6-5548-3430-8FAE-8A46A0F00C27}.MinSizeRel|x64.Build.0 = MinSizeRel|x64
		{7E4286C6-5548-3430-8FAE-8A46A0F00C27}.RelWithDebInfo|x64.ActiveCfg = RelWithDebInfo|x64
		{7E4286C6-5548-3430-8FAE-8A46A0F00C27}.RelWithDebInfo|x64.Build.0 = RelWithDebInfo|x64
		{1B59EB74-C3D3-323E-AF21-297EEA387585}.Debug|x64.ActiveCfg = Debug|x64
		{1B59EB74-C3D3-323E-AF21-297EEA387585}.Debug|x64.Build.0 = Debug|x64
		{1B59EB74-C3D3-323E-AF21-297EEA387585}.Release|x64.ActiveCfg = Release|x64
		{1B59EB74-C3D3-323E-AF21-297EEA387585}.Release|x64.Build.0 = Release|x64
		{1B59EB74-C3D3-323E-AF21-297EEA387585}.MinSizeRel|x64.ActiveCfg = MinSizeRel|x64
		{1B59EB74-C3D3-323E-AF21-297EEA387585}.MinSizeRel|x64.Build.0 = MinSizeRel|x64
		{1B59EB74-C3D3-323E-AF21-297EEA387585}.RelWithDebInfo|x64.ActiveCfg = RelWithDebInfo|x64
		{1B59EB74-C3D3-323E-AF21-297EEA387585}.RelWithDebInfo|x64.Build.0 = RelWithDebInfo|x64
		{7A705396-C018-3A2A-859D-27320D821C7E}.Debug|x64.ActiveCfg = Debug|x64
		{7A705396-C018-3A2A-859D-27320D821C7E}.Debug|x64.Build.0 = Debug|x64
		{7A705396-C018-3A2A-859D-27320D821C7E}.Release|x64.ActiveCfg = Release|x64
		{7A705396-C018-3A2A-859D-27320D821C7E}.Release|x64.Build.0 = Release|x64
		{7A705396-C018-3A2A-859D-27320D821C7E}.MinSizeRel|x64.ActiveCfg = MinSizeRel|x64
		{7A705396-C018-3A2A-859D-27320D821C7E}.MinSizeRel|x64.Build.0 = MinSizeRel|x64
		{7A705396-C018-3A2A-859D-27320D821C7E}.RelWithDebInfo|x64.ActiveCfg = RelWithDebInfo|x64
		{7A705396-C018-3A2A-859D-27320D821C7E}.RelWithDebInfo|x64.Build.0 = RelWithDebInfo|x64
		{98C405CF-FE93-30EC-A6E1-C97142B9E1E0}.Debug|x64.ActiveCfg = Debug|x64
		{98C405CF-FE93-30EC-A6E1-C97142B9E1E0}.Debug|x64.Build.0 = Debug|x64
		{98C405CF-FE93-30EC-A6E1-C97142B9E1E0}.Release|x64.ActiveCfg = Release|x64
		{98C405CF-FE93-30EC-A6E1-C97142B9E1E0}.Release|x64.Build.0 = Release|x64
		{98C405CF-FE93-30EC-A6E1-C97142B9E1E0}.MinSizeRel|x64.ActiveCfg = MinSizeRel|x64
		{98C405CF-FE93-30EC-A6E1-C97142B9E1E0}.MinSizeRel|x64.Build.0 = MinSizeRel|x64
		{98C405CF-FE93-30EC-A6E1-C97142B9E1E0}.RelWithDebInfo|x64.ActiveCfg = RelWithDebInfo|x64
		{98C405CF-FE93-30EC-A6E1-C97142B9E1E0}.RelWithDebInfo|x64.Build.0 = RelWithDebInfo|x64
		{5524B0E0-10BD-35BA-AEDB-4DE50CC7318F}.Debug|x64.ActiveCfg = Debug|x64
		{5524B0E0-10BD-35BA-AEDB-4DE50CC7318F}.Debug|x64.Build.0 = Debug|x64
		{5524B0E0-10BD-35BA-AEDB-4DE50CC7318F}.Release|x64.ActiveCfg = Release|x64
		{5524B0E0-10BD-35BA-AEDB-4DE50CC7318F}.Release|x64.Build.0 = Release|x64
		{5524B0E0-10BD-35BA-AEDB-4DE50CC7318F}.MinSizeRel|x64.ActiveCfg = MinSizeRel|x64
		{5524B0E0-10BD-35BA-AEDB-4DE50CC7318F}.MinSizeRel|x64.Build.0 = MinSizeRel|x64
		{5524B0E0-10BD-35BA-AEDB-4DE50CC7318F}.RelWithDebInfo|x64.ActiveCfg = RelWithDebInfo|x64
		{5524B0E0-10BD-35BA-AEDB-4DE50CC7318F}.RelWithDebInfo|x64.Build.0 = RelWithDebInfo|x64
		{09048BC5-0897-3784-AA97-FF811B7CACED}.Debug|x64.ActiveCfg = Debug|x64
		{09048BC5-0897-3784-AA97-FF811B7CACED}.Debug|x64.Build.0 = Debug|x64
		{09048BC5-0897-3784-AA97-FF811B7CACED}.Release|x64.ActiveCfg = Release|x64
		{09048BC5-0897-3784-AA97-FF811B7CACED}.Release|x64.Build.0 = Release|x64
		{09048BC5-0897-3784-AA97-FF811B7CACED}.MinSizeRel|x64.ActiveCfg = MinSizeRel|x64
		{09048BC5-0897-3784-AA97-FF811B7CACED}.MinSizeRel|x64.Build.0 = MinSizeRel|x64
		{09048BC5-0897-3784-AA97-FF811B7CACED}.RelWithDebInfo|x64.ActiveCfg = RelWithDebInfo|x64
		{09048BC5-0897-3784-AA97-FF811B7CACED}.RelWithDebInfo|x64.Build.0 = RelWithDebInfo|x64
		{BF4112DC-B2B0-3674-B053-E80B661051BB}.Debug|x64.ActiveCfg = Debug|x64
		{BF4112DC-B2B0-3674-B053-E80B661051BB}.Debug|x64.Build.0 = Debug|x64
		{BF4112DC-B2B0-3674-B053-E80B661051BB}.Release|x64.ActiveCfg = Release|x64
		{BF4112DC-B2B0-3674-B053-E80B661051BB}.Release|x64.Build.0 = Release|x64
		{BF4112DC-B2B0-3674-B053-E80B661051BB}.MinSizeRel|x64.ActiveCfg = MinSizeRel|x64
		{BF4112DC-B2B0-3674-B053-E80B661051BB}.MinSizeRel|x64.Build.0 = MinSizeRel|x64
		{BF4112DC-B2B0-3674-B053-E80B661051BB}.RelWithDebInfo|x64.ActiveCfg = RelWithDebInfo|x64
		{BF4112DC-B2B0-3674-B053-E80B661051BB}.RelWithDebInfo|x64.Build.0 = RelWithDebInfo|x64
		{2A200F83-7EBD-387B-B293-CC5840A64B97}.Debug|x64.ActiveCfg = Debug|x64
		{2A200F83-7EBD-387B-B293-CC5840A64B97}.Debug|x64.Build.0 = Debug|x64
		{2A200F83-7EBD-387B-B293-CC5840A64B97}.Release|x64.ActiveCfg = Release|x64
		{2A200F83-7EBD-387B-B293-CC5840A64B97}.Release|x64.Build.0 = Release|x64
		{2A200F83-7EBD-387B-B293-CC5840A64B97}.MinSizeRel|x64.ActiveCfg = MinSizeRel|x64
		{2A200F83-7EBD-387B-B293-CC5840A64B97}.MinSizeRel|x64.Build.0 = MinSizeRel|x64
		{2A200F83-7EBD-387B-B293-CC5840A64B97}.RelWithDebInfo|x64.ActiveCfg = RelWithDebInfo|x64
		{2A200F83-7EBD-387B-B293-CC5840A64B97}.RelWithDebInfo|x64.Build.0 = RelWithDebInfo|x64
		{CE01F4D7-43B7-3DAD-B7B6-844EE5F8A601}.Debug|x64.ActiveCfg = Debug|x64
		{CE01F4D7-43B7-3DAD-B7B6-844EE5F8A601}.Debug|x64.Build.0 = Debug|x64
		{CE01F4D7-43B7-3DAD-B7B6-844EE5F8A601}.Release|x64.ActiveCfg = Release|x64
		{CE01F4D7-43B7-3DAD-B7B6-844EE5F8A601}.Release|x64.Build.0 = Release|x64
		{CE01F4D7-43B7-3DAD-B7B6-844EE5F8A601}.MinSizeRel|x64.ActiveCfg = MinSizeRel|x64
		{CE01F4D7-43B7-3DAD-B7B6-844EE5F8A601}.MinSizeRel|x64.Build.0 = MinSizeRel|x64
		{CE01F4D7-43B7-3DAD-B7B6-844EE5F8A601}.RelWithDebInfo|x64.ActiveCfg = RelWithDebInfo|x64
		{CE01F4D7-43B7-3DAD-B7B6-844EE5F8A601}.RelWithDebInfo|x64.Build.0 = RelWithDebInfo|x64
		{05E8BF7B-9603-30CA-A9BD-95225038D9E3}.Debug|x64.ActiveCfg = Debug|x64
		{05E8BF7B-9603-30CA-A9BD-95225038D9E3}.Debug|x64.Build.0 = Debug|x64
		{05E8BF7B-9603-30CA-A9BD-95225038D9E3}.Release|x64.ActiveCfg = Release|x64
		{05E8BF7B-9603-30CA-A9BD-95225038D9E3}.Release|x64.Build.0 = Release|x64
		{05E8BF7B-9603-30CA-A9BD-95225038D9E3}.MinSizeRel|x64.ActiveCfg = MinSizeRel|x64
		{05E8BF7B-9603-30CA-A9BD-95225038D9E3}.MinSizeRel|x64.Build.0 = MinSizeRel|x64
		{05E8BF7B-9603-30CA-A9BD-95225038D9E3}.RelWithDebInfo|x64.ActiveCfg = RelWithDebInfo|x64
		{05E8BF7B-9603-30CA-A9BD-95225038D9E3}.RelWithDebInfo|x64.Build.0 = RelWithDebInfo|x64
		{EFA37E36-3196-36FB-9167-19D002CAE757}.Debug|x64.ActiveCfg = Debug|x64
		{EFA37E36-3196-36FB-9167-19D002CAE757}.Debug|x64.Build.0 = Debug|x64
		{EFA37E36-3196-36FB-9167-19D002CAE757}.Release|x64.ActiveCfg = Release|x64
		{EFA37E36-3196-36FB-9167-19D002CAE757}.Release|x64.Build.0 = Release|x64
		{EFA37E36-3196-36FB-9167-19D002CAE757}.MinSizeRel|x64.ActiveCfg = MinSizeRel|x64
		{EFA37E36-3196-36FB-9167-19D002CAE757}.MinSizeRel|x64.Build.0 = MinSizeRel|x64
		{EFA37E36-3196-36FB-9167-19D002CAE757}.RelWithDebInfo|x64.ActiveCfg = RelWithDebInfo|x64
		{EFA37E36-3196-36FB-9167-19D002CAE757}.RelWithDebInfo|x64.Build.0 = RelWithDebInfo|x64
		{399BD98C-2FFD-353E-AFE4-BC4C4EE838A3}.Debug|x64.ActiveCfg = Debug|x64
		{399BD98C-2FFD-353E-AFE4-BC4C4EE838A3}.Debug|x64.Build.0 = Debug|x64
		{399BD98C-2FFD-353E-AFE4-BC4C4EE838A3}.Release|x64.ActiveCfg = Release|x64
		{399BD98C-2FFD-353E-AFE4-BC4C4EE838A3}.Release|x64.Build.0 = Release|x64
		{399BD98C-2FFD-353E-AFE4-BC4C4EE838A3}.MinSizeRel|x64.ActiveCfg = MinSizeRel|x64
		{399BD98C-2FFD-353E-AFE4-BC4C4EE838A3}.MinSizeRel|x64.Build.0 = MinSizeRel|x64
		{399BD98C-2FFD-353E-AFE4-BC4C4EE838A3}.RelWithDebInfo|x64.ActiveCfg = RelWithDebInfo|x64
		{399BD98C-2FFD-353E-AFE4-BC4C4EE838A3}.RelWithDebInfo|x64.Build.0 = RelWithDebInfo|x64
		{5A440C20-4D16-3991-B41F-7C8D395B3EAD}.Debug|x64.ActiveCfg = Debug|x64
		{5A440C20-4D16-3991-B41F-7C8D395B3EAD}.Debug|x64.Build.0 = Debug|x64
		{5A440C20-4D16-3991-B41F-7C8D395B3EAD}.Release|x64.ActiveCfg = Release|x64
		{5A440C20-4D16-3991-B41F-7C8D395B3EAD}.Release|x64.Build.0 = Release|x64
		{5A440C20-4D16-3991-B41F-7C8D395B3EAD}.MinSizeRel|x64.ActiveCfg = MinSizeRel|x64
		{5A440C20-4D16-3991-B41F-7C8D395B3EAD}.MinSizeRel|x64.Build.0 = MinSizeRel|x64
		{5A440C20-4D16-3991-B41F-7C8D395B3EAD}.RelWithDebInfo|x64.ActiveCfg = RelWithDebInfo|x64
		{5A440C20-4D16-3991-B41F-7C8D395B3EAD}.RelWithDebInfo|x64.Build.0 = RelWithDebInfo|x64
		{2F1D5144-D3F4-3325-9EA2-CB4468EEF82E}.Debug|x64.ActiveCfg = Debug|x64
		{2F1D5144-D3F4-3325-9EA2-CB4468EEF82E}.Debug|x64.Build.0 = Debug|x64
		{2F1D5144-D3F4-3325-9EA2-CB4468EEF82E}.Release|x64.ActiveCfg = Release|x64
		{2F1D5144-D3F4-3325-9EA2-CB4468EEF82E}.Release|x64.Build.0 = Release|x64
		{2F1D5144-D3F4-3325-9EA2-CB4468EEF82E}.MinSizeRel|x64.ActiveCfg = MinSizeRel|x64
		{2F1D5144-D3F4-3325-9EA2-CB4468EEF82E}.MinSizeRel|x64.Build.0 = MinSizeRel|x64
		{2F1D5144-D3F4-3325-9EA2-CB4468EEF82E}.RelWithDebInfo|x64.ActiveCfg = RelWithDebInfo|x64
		{2F1D5144-D3F4-3325-9EA2-CB4468EEF82E}.RelWithDebInfo|x64.Build.0 = RelWithDebInfo|x64
		{2A179795-2921-35E3-B28D-8EE1A22BA3D8}.Debug|x64.ActiveCfg = Debug|x64
		{2A179795-2921-35E3-B28D-8EE1A22BA3D8}.Debug|x64.Build.0 = Debug|x64
		{2A179795-2921-35E3-B28D-8EE1A22BA3D8}.Release|x64.ActiveCfg = Release|x64
		{2A179795-2921-35E3-B28D-8EE1A22BA3D8}.Release|x64.Build.0 = Release|x64
		{2A179795-2921-35E3-B28D-8EE1A22BA3D8}.MinSizeRel|x64.ActiveCfg = MinSizeRel|x64
		{2A179795-2921-35E3-B28D-8EE1A22BA3D8}.MinSizeRel|x64.Build.0 = MinSizeRel|x64
		{2A179795-2921-35E3-B28D-8EE1A22BA3D8}.RelWithDebInfo|x64.ActiveCfg = RelWithDebInfo|x64
		{2A179795-2921-35E3-B28D-8EE1A22BA3D8}.RelWithDebInfo|x64.Build.0 = RelWithDebInfo|x64
		{918C1743-377B-3299-BCA1-A3542DD429D5}.Debug|x64.ActiveCfg = Debug|x64
		{918C1743-377B-3299-BCA1-A3542DD429D5}.Debug|x64.Build.0 = Debug|x64
		{918C1743-377B-3299-BCA1-A3542DD429D5}.Release|x64.ActiveCfg = Release|x64
		{918C1743-377B-3299-BCA1-A3542DD429D5}.Release|x64.Build.0 = Release|x64
		{918C1743-377B-3299-BCA1-A3542DD429D5}.MinSizeRel|x64.ActiveCfg = MinSizeRel|x64
		{918C1743-377B-3299-BCA1-A3542DD429D5}.MinSizeRel|x64.Build.0 = MinSizeRel|x64
		{918C1743-377B-3299-BCA1-A3542DD429D5}.RelWithDebInfo|x64.ActiveCfg = RelWithDebInfo|x64
		{918C1743-377B-3299-BCA1-A3542DD429D5}.RelWithDebInfo|x64.Build.0 = RelWithDebInfo|x64
		{18E1D392-C417-3C77-9226-A3B6747BFB40}.Debug|x64.ActiveCfg = Debug|x64
		{18E1D392-C417-3C77-9226-A3B6747BFB40}.Debug|x64.Build.0 = Debug|x64
		{18E1D392-C417-3C77-9226-A3B6747BFB40}.Release|x64.ActiveCfg = Release|x64
		{18E1D392-C417-3C77-9226-A3B6747BFB40}.Release|x64.Build.0 = Release|x64
		{18E1D392-C417-3C77-9226-A3B6747BFB40}.MinSizeRel|x64.ActiveCfg = MinSizeRel|x64
		{18E1D392-C417-3C77-9226-A3B6747BFB40}.MinSizeRel|x64.Build.0 = MinSizeRel|x64
		{18E1D392-C417-3C77-9226-A3B6747BFB40}.RelWithDebInfo|x64.ActiveCfg = RelWithDebInfo|x64
		{18E1D392-C417-3C77-9226-A3B6747BFB40}.RelWithDebInfo|x64.Build.0 = RelWithDebInfo|x64
		{F17F50E4-B875-3F15-9E4D-73CE5406B61E}.Debug|x64.ActiveCfg = Debug|x64
		{F17F50E4-B875-3F15-9E4D-73CE5406B61E}.Debug|x64.Build.0 = Debug|x64
		{F17F50E4-B875-3F15-9E4D-73CE5406B61E}.Release|x64.ActiveCfg = Release|x64
		{F17F50E4-B875-3F15-9E4D-73CE5406B61E}.Release|x64.Build.0 = Release|x64
		{F17F50E4-B875-3F15-9E4D-73CE5406B61E}.MinSizeRel|x64.ActiveCfg = MinSizeRel|x64
		{F17F50E4-B875-3F15-9E4D-73CE5406B61E}.MinSizeRel|x64.Build.0 = MinSizeRel|x64
		{F17F50E4-B875-3F15-9E4D-73CE5406B61E}.RelWithDebInfo|x64.ActiveCfg = RelWithDebInfo|x64
		{F17F50E4-B875-3F15-9E4D-73CE5406B61E}.RelWithDebInfo|x64.Build.0 = RelWithDebInfo|x64
		{BC7EEA0E-A5FB-36EB-9D69-03DD24C3EFFB}.Debug|x64.ActiveCfg = Debug|x64
		{BC7EEA0E-A5FB-36EB-9D69-03DD24C3EFFB}.Debug|x64.Build.0 = Debug|x64
		{BC7EEA0E-A5FB-36EB-9D69-03DD24C3EFFB}.Release|x64.ActiveCfg = Release|x64
		{BC7EEA0E-A5FB-36EB-9D69-03DD24C3EFFB}.Release|x64.Build.0 = Release|x64
		{BC7EEA0E-A5FB-36EB-9D69-03DD24C3EFFB}.MinSizeRel|x64.ActiveCfg = MinSizeRel|x64
		{BC7EEA0E-A5FB-36EB-9D69-03DD24C3EFFB}.MinSizeRel|x64.Build.0 = MinSizeRel|x64
		{BC7EEA0E-A5FB-36EB-9D69-03DD24C3EFFB}.RelWithDebInfo|x64.ActiveCfg = RelWithDebInfo|x64
		{BC7EEA0E-A5FB-36EB-9D69-03DD24C3EFFB}.RelWithDebInfo|x64.Build.0 = RelWithDebInfo|x64
		{E8580585-3134-3D88-A535-1BA6E607CF5B}.Debug|x64.ActiveCfg = Debug|x64
		{E8580585-3134-3D88-A535-1BA6E607CF5B}.Debug|x64.Build.0 = Debug|x64
		{E8580585-3134-3D88-A535-1BA6E607CF5B}.Release|x64.ActiveCfg = Release|x64
		{E8580585-3134-3D88-A535-1BA6E607CF5B}.Release|x64.Build.0 = Release|x64
		{E8580585-3134-3D88-A535-1BA6E607CF5B}.MinSizeRel|x64.ActiveCfg = MinSizeRel|x64
		{E8580585-3134-3D88-A535-1BA6E607CF5B}.MinSizeRel|x64.Build.0 = MinSizeRel|x64
		{E8580585-3134-3D88-A535-1BA6E607CF5B}.RelWithDebInfo|x64.ActiveCfg = RelWithDebInfo|x64
		{E8580585-3134-3D88-A535-1BA6E607CF5B}.RelWithDebInfo|x64.Build.0 = RelWithDebInfo|x64
		{2AADF022-F42B-3BA1-9A30-A710EB5C076D}.Debug|x64.ActiveCfg = Debug|x64
		{2AADF022-F42B-3BA1-9A30-A710EB5C076D}.Debug|x64.Build.0 = Debug|x64
		{2AADF022-F42B-3BA1-9A30-A710EB5C076D}.Release|x64.ActiveCfg = Release|x64
		{2AADF022-F42B-3BA1-9A30-A710EB5C076D}.Release|x64.Build.0 = Release|x64
		{2AADF022-F42B-3BA1-9A30-A710EB5C076D}.MinSizeRel|x64.ActiveCfg = MinSizeRel|x64
		{2AADF022-F42B-3BA1-9A30-A710EB5C076D}.MinSizeRel|x64.Build.0 = MinSizeRel|x64
		{2AADF022-F42B-3BA1-9A30-A710EB5C076D}.RelWithDebInfo|x64.ActiveCfg = RelWithDebInfo|x64
		{2AADF022-F42B-3BA1-9A30-A710EB5C076D}.RelWithDebInfo|x64.Build.0 = RelWithDebInfo|x64
		{3AE7E588-CE6B-3A75-B8E3-71DE8CDEFA2D}.Debug|x64.ActiveCfg = Debug|x64
		{3AE7E588-CE6B-3A75-B8E3-71DE8CDEFA2D}.Debug|x64.Build.0 = Debug|x64
		{3AE7E588-CE6B-3A75-B8E3-71DE8CDEFA2D}.Release|x64.ActiveCfg = Release|x64
		{3AE7E588-CE6B-3A75-B8E3-71DE8CDEFA2D}.Release|x64.Build.0 = Release|x64
		{3AE7E588-CE6B-3A75-B8E3-71DE8CDEFA2D}.MinSizeRel|x64.ActiveCfg = MinSizeRel|x64
		{3AE7E588-CE6B-3A75-B8E3-71DE8CDEFA2D}.MinSizeRel|x64.Build.0 = MinSizeRel|x64
		{3AE7E588-CE6B-3A75-B8E3-71DE8CDEFA2D}.RelWithDebInfo|x64.ActiveCfg = RelWithDebInfo|x64
		{3AE7E588-CE6B-3A75-B8E3-71DE8CDEFA2D}.RelWithDebInfo|x64.Build.0 = RelWithDebInfo|x64
		{848C0AD6-15A4-367D-89F1-04334C1EBDCE}.Debug|x64.ActiveCfg = Debug|x64
		{848C0AD6-15A4-367D-89F1-04334C1EBDCE}.Debug|x64.Build.0 = Debug|x64
		{848C0AD6-15A4-367D-89F1-04334C1EBDCE}.Release|x64.ActiveCfg = Release|x64
		{848C0AD6-15A4-367D-89F1-04334C1EBDCE}.Release|x64.Build.0 = Release|x64
		{848C0AD6-15A4-367D-89F1-04334C1EBDCE}.MinSizeRel|x64.ActiveCfg = MinSizeRel|x64
		{848C0AD6-15A4-367D-89F1-04334C1EBDCE}.MinSizeRel|x64.Build.0 = MinSizeRel|x64
		{848C0AD6-15A4-367D-89F1-04334C1EBDCE}.RelWithDebInfo|x64.ActiveCfg = RelWithDebInfo|x64
		{848C0AD6-15A4-367D-89F1-04334C1EBDCE}.RelWithDebInfo|x64.Build.0 = RelWithDebInfo|x64
		{809D2586-E7E6-352A-94FC-798C7BFF1EEA}.Debug|x64.ActiveCfg = Debug|x64
		{809D2586-E7E6-352A-94FC-798C7BFF1EEA}.Debug|x64.Build.0 = Debug|x64
		{809D2586-E7E6-352A-94FC-798C7BFF1EEA}.Release|x64.ActiveCfg = Release|x64
		{809D2586-E7E6-352A-94FC-798C7BFF1EEA}.Release|x64.Build.0 = Release|x64
		{809D2586-E7E6-352A-94FC-798C7BFF1EEA}.MinSizeRel|x64.ActiveCfg = MinSizeRel|x64
		{809D2586-E7E6-352A-94FC-798C7BFF1EEA}.MinSizeRel|x64.Build.0 = MinSizeRel|x64
		{809D2586-E7E6-352A-94FC-798C7BFF1EEA}.RelWithDebInfo|x64.ActiveCfg = RelWithDebInfo|x64
		{809D2586-E7E6-352A-94FC-798C7BFF1EEA}.RelWithDebInfo|x64.Build.0 = RelWithDebInfo|x64
		{CCDEB8E2-E72C-3CE7-84BC-F85C5E54307B}.Debug|x64.ActiveCfg = Debug|x64
		{CCDEB8E2-E72C-3CE7-84BC-F85C5E54307B}.Debug|x64.Build.0 = Debug|x64
		{CCDEB8E2-E72C-3CE7-84BC-F85C5E54307B}.Release|x64.ActiveCfg = Release|x64
		{CCDEB8E2-E72C-3CE7-84BC-F85C5E54307B}.Release|x64.Build.0 = Release|x64
		{CCDEB8E2-E72C-3CE7-84BC-F85C5E54307B}.MinSizeRel|x64.ActiveCfg = MinSizeRel|x64
		{CCDEB8E2-E72C-3CE7-84BC-F85C5E54307B}.MinSizeRel|x64.Build.0 = MinSizeRel|x64
		{CCDEB8E2-E72C-3CE7-84BC-F85C5E54307B}.RelWithDebInfo|x64.ActiveCfg = RelWithDebInfo|x64
		{CCDEB8E2-E72C-3CE7-84BC-F85C5E54307B}.RelWithDebInfo|x64.Build.0 = RelWithDebInfo|x64
	EndGlobalSection
	GlobalSection(ExtensibilityGlobals) = postSolution
		SolutionGuid = {66592C60-A1E0-3063-A42F-94A95179A299}
	EndGlobalSection
	GlobalSection(ExtensibilityAddIns) = postSolution
	EndGlobalSection
EndGlobal
