
Microsoft Visual Studio Solution File, Format Version 12.00
# Visual Studio Version 17
Project("{8BC9CEB8-8B4A-11D0-8D11-00A0C91BC942}") = "ALL_BUILD", "ALL_BUILD.vcxproj", "{743DE1ED-2437-3419-83F1-5BBFCC5240B5}"
	ProjectSection(ProjectDependencies) = postProject
		{7E4286C6-5548-3430-8FAE-8A46A0F00C27} = {7E4286C6-5548-3430-8FAE-8A46A0F00C27}
		{E8580585-3134-3D88-A535-1BA6E607CF5B} = {E8580585-3134-3D88-A535-1BA6E607CF5B}
	EndProjectSection
EndProject
Project("{8BC9CEB8-8B4A-11D0-8D11-00A0C91BC942}") = "Continuous", "Continuous.vcxproj", "{687338B3-588D-3AA8-9AFA-5F5B13856692}"
	ProjectSection(ProjectDependencies) = postProject
		{7E4286C6-5548-3430-8FAE-8A46A0F00C27} = {7E4286C6-5548-3430-8FAE-8A46A0F00C27}
	EndProjectSection
EndProject
Project("{8BC9CEB8-8B4A-11D0-8D11-00A0C91BC942}") = "Experimental", "Experimental.vcxproj", "{A8351272-7244-37AC-9AAD-C4141381FB59}"
	ProjectSection(ProjectDependencies) = postProject
		{7E4286C6-5548-3430-8FAE-8A46A0F00C27} = {7E4286C6-5548-3430-8FAE-8A46A0F00C27}
	EndProjectSection
EndProject
Project("{8BC9CEB8-8B4A-11D0-8D11-00A0C91BC942}") = "INSTALL", "INSTALL.vcxproj", "{C5FB1C83-AB62-3F41-9FB6-0158FF85216C}"
	ProjectSection(ProjectDependencies) = postProject
		{743DE1ED-2437-3419-83F1-5BBFCC5240B5} = {743DE1ED-2437-3419-83F1-5BBFCC5240B5}
		{7E4286C6-5548-3430-8FAE-8A46A0F00C27} = {7E4286C6-5548-3430-8FAE-8A46A0F00C27}
	EndProjectSection
EndProject
Project("{8BC9CEB8-8B4A-11D0-8D11-00A0C91BC942}") = "Nightly", "Nightly.vcxproj", "{3D8656C3-0CF4-32BD-90DE-AB6AC76381F0}"
	ProjectSection(ProjectDependencies) = postProject
		{7E4286C6-5548-3430-8FAE-8A46A0F00C27} = {7E4286C6-5548-3430-8FAE-8A46A0F00C27}
	EndProjectSection
EndProject
Project("{8BC9CEB8-8B4A-11D0-8D11-00A0C91BC942}") = "NightlyMemoryCheck", "NightlyMemoryCheck.vcxproj", "{64983C4F-99FA-3982-A5B8-29B9498A4782}"
	ProjectSection(ProjectDependencies) = postProject
		{7E4286C6-5548-3430-8FAE-8A46A0F00C27} = {7E4286C6-5548-3430-8FAE-8A46A0F00C27}
	EndProjectSection
EndProject
Project("{8BC9CEB8-8B4A-11D0-8D11-00A0C91BC942}") = "ZERO_CHECK", "..\\ZERO_CHECK.vcxproj", "{7E4286C6-5548-3430-8FAE-8A46A0F00C27}"
	ProjectSection(ProjectDependencies) = postProject
	EndProjectSection
EndProject
Project("{8BC9CEB8-8B4A-11D0-8D11-00A0C91BC942}") = "tinyxml2", "tinyxml2.vcxproj", "{E8580585-3134-3D88-A535-1BA6E607CF5B}"
	ProjectSection(ProjectDependencies) = postProject
		{7E4286C6-5548-3430-8FAE-8A46A0F00C27} = {7E4286C6-5548-3430-8FAE-8A46A0F00C27}
	EndProjectSection
EndProject
Global
	GlobalSection(SolutionConfigurationPlatforms) = preSolution
		Debug|x64 = Debug|x64
		Release|x64 = Release|x64
		MinSizeRel|x64 = MinSizeRel|x64
		RelWithDebInfo|x64 = RelWithDebInfo|x64
	EndGlobalSection
	GlobalSection(ProjectConfigurationPlatforms) = postSolution
		{743DE1ED-2437-3419-83F1-5BBFCC5240B5}.Debug|x64.ActiveCfg = Debug|x64
		{743DE1ED-2437-3419-83F1-5BBFCC5240B5}.Debug|x64.Build.0 = Debug|x64
		{743DE1ED-2437-3419-83F1-5BBFCC5240B5}.Release|x64.ActiveCfg = Release|x64
		{743DE1ED-2437-3419-83F1-5BBFCC5240B5}.Release|x64.Build.0 = Release|x64
		{743DE1ED-2437-3419-83F1-5BBFCC5240B5}.MinSizeRel|x64.ActiveCfg = MinSizeRel|x64
		{743DE1ED-2437-3419-83F1-5BBFCC5240B5}.MinSizeRel|x64.Build.0 = MinSizeRel|x64
		{743DE1ED-2437-3419-83F1-5BBFCC5240B5}.RelWithDebInfo|x64.ActiveCfg = RelWithDebInfo|x64
		{743DE1ED-2437-3419-83F1-5BBFCC5240B5}.RelWithDebInfo|x64.Build.0 = RelWithDebInfo|x64
		{687338B3-588D-3AA8-9AFA-5F5B13856692}.Debug|x64.ActiveCfg = Debug|x64
		{687338B3-588D-3AA8-9AFA-5F5B13856692}.Release|x64.ActiveCfg = Release|x64
		{687338B3-588D-3AA8-9AFA-5F5B13856692}.MinSizeRel|x64.ActiveCfg = MinSizeRel|x64
		{687338B3-588D-3AA8-9AFA-5F5B13856692}.RelWithDebInfo|x64.ActiveCfg = RelWithDebInfo|x64
		{A8351272-7244-37AC-9AAD-C4141381FB59}.Debug|x64.ActiveCfg = Debug|x64
		{A8351272-7244-37AC-9AAD-C4141381FB59}.Release|x64.ActiveCfg = Release|x64
		{A8351272-7244-37AC-9AAD-C4141381FB59}.MinSizeRel|x64.ActiveCfg = MinSizeRel|x64
		{A8351272-7244-37AC-9AAD-C4141381FB59}.RelWithDebInfo|x64.ActiveCfg = RelWithDebInfo|x64
		{C5FB1C83-AB62-3F41-9FB6-0158FF85216C}.Debug|x64.ActiveCfg = Debug|x64
		{C5FB1C83-AB62-3F41-9FB6-0158FF85216C}.Release|x64.ActiveCfg = Release|x64
		{C5FB1C83-AB62-3F41-9FB6-0158FF85216C}.MinSizeRel|x64.ActiveCfg = MinSizeRel|x64
		{C5FB1C83-AB62-3F41-9FB6-0158FF85216C}.RelWithDebInfo|x64.ActiveCfg = RelWithDebInfo|x64
		{3D8656C3-0CF4-32BD-90DE-AB6AC76381F0}.Debug|x64.ActiveCfg = Debug|x64
		{3D8656C3-0CF4-32BD-90DE-AB6AC76381F0}.Release|x64.ActiveCfg = Release|x64
		{3D8656C3-0CF4-32BD-90DE-AB6AC76381F0}.MinSizeRel|x64.ActiveCfg = MinSizeRel|x64
		{3D8656C3-0CF4-32BD-90DE-AB6AC76381F0}.RelWithDebInfo|x64.ActiveCfg = RelWithDebInfo|x64
		{64983C4F-99FA-3982-A5B8-29B9498A4782}.Debug|x64.ActiveCfg = Debug|x64
		{64983C4F-99FA-3982-A5B8-29B9498A4782}.Release|x64.ActiveCfg = Release|x64
		{64983C4F-99FA-3982-A5B8-29B9498A4782}.MinSizeRel|x64.ActiveCfg = MinSizeRel|x64
		{64983C4F-99FA-3982-A5B8-29B9498A4782}.RelWithDebInfo|x64.ActiveCfg = RelWithDebInfo|x64
		{7E4286C6-5548-3430-8FAE-8A46A0F00C27}.Debug|x64.ActiveCfg = Debug|x64
		{7E4286C6-5548-3430-8FAE-8A46A0F00C27}.Debug|x64.Build.0 = Debug|x64
		{7E4286C6-5548-3430-8FAE-8A46A0F00C27}.Release|x64.ActiveCfg = Release|x64
		{7E4286C6-5548-3430-8FAE-8A46A0F00C27}.Release|x64.Build.0 = Release|x64
		{7E4286C6-5548-3430-8FAE-8A46A0F00C27}.MinSizeRel|x64.ActiveCfg = MinSizeRel|x64
		{7E4286C6-5548-3430-8FAE-8A46A0F00C27}.MinSizeRel|x64.Build.0 = MinSizeRel|x64
		{7E4286C6-5548-3430-8FAE-8A46A0F00C27}.RelWithDebInfo|x64.ActiveCfg = RelWithDebInfo|x64
		{7E4286C6-5548-3430-8FAE-8A46A0F00C27}.RelWithDebInfo|x64.Build.0 = RelWithDebInfo|x64
		{E8580585-3134-3D88-A535-1BA6E607CF5B}.Debug|x64.ActiveCfg = Debug|x64
		{E8580585-3134-3D88-A535-1BA6E607CF5B}.Debug|x64.Build.0 = Debug|x64
		{E8580585-3134-3D88-A535-1BA6E607CF5B}.Release|x64.ActiveCfg = Release|x64
		{E8580585-3134-3D88-A535-1BA6E607CF5B}.Release|x64.Build.0 = Release|x64
		{E8580585-3134-3D88-A535-1BA6E607CF5B}.MinSizeRel|x64.ActiveCfg = MinSizeRel|x64
		{E8580585-3134-3D88-A535-1BA6E607CF5B}.MinSizeRel|x64.Build.0 = MinSizeRel|x64
		{E8580585-3134-3D88-A535-1BA6E607CF5B}.RelWithDebInfo|x64.ActiveCfg = RelWithDebInfo|x64
		{E8580585-3134-3D88-A535-1BA6E607CF5B}.RelWithDebInfo|x64.Build.0 = RelWithDebInfo|x64
	EndGlobalSection
	GlobalSection(ExtensibilityGlobals) = postSolution
		SolutionGuid = {2DA10492-916B-3A32-BA61-15E0DC3E60FC}
	EndGlobalSection
	GlobalSection(ExtensibilityAddIns) = postSolution
	EndGlobalSection
EndGlobal
