
Microsoft Visual Studio Solution File, Format Version 12.00
# Visual Studio Version 17
Project("{8BC9CEB8-8B4A-11D0-8D11-00A0C91BC942}") = "ALL_BUILD", "ALL_BUILD.vcxproj", "{63A78247-7EC9-3132-8F44-CCBAD48790E8}"
	ProjectSection(ProjectDependencies) = postProject
		{966714E5-9F94-3F4D-9144-2A1BDEF36078} = {966714E5-9F94-3F4D-9144-2A1BDEF36078}
		{452C4BB0-FF4B-3546-8B8F-8E99E671739D} = {452C4BB0-FF4B-3546-8B8F-8E99E671739D}
	EndProjectSection
EndProject
Project("{8BC9CEB8-8B4A-11D0-8D11-00A0C91BC942}") = "Continuous", "Continuous.vcxproj", "{E98BC6C3-287D-3439-BAC6-8C22505A5E55}"
	ProjectSection(ProjectDependencies) = postProject
		{966714E5-9F94-3F4D-9144-2A1BDEF36078} = {966714E5-9F94-3F4D-9144-2A1BDEF36078}
	EndProjectSection
EndProject
Project("{8BC9CEB8-8B4A-11D0-8D11-00A0C91BC942}") = "Experimental", "Experimental.vcxproj", "{12338030-5137-3D2A-A723-2C3BA0169099}"
	ProjectSection(ProjectDependencies) = postProject
		{966714E5-9F94-3F4D-9144-2A1BDEF36078} = {966714E5-9F94-3F4D-9144-2A1BDEF36078}
	EndProjectSection
EndProject
Project("{8BC9CEB8-8B4A-11D0-8D11-00A0C91BC942}") = "INSTALL", "INSTALL.vcxproj", "{6648B018-5EDA-3ADB-9E5B-AB2879D58704}"
	ProjectSection(ProjectDependencies) = postProject
		{63A78247-7EC9-3132-8F44-CCBAD48790E8} = {63A78247-7EC9-3132-8F44-CCBAD48790E8}
		{966714E5-9F94-3F4D-9144-2A1BDEF36078} = {966714E5-9F94-3F4D-9144-2A1BDEF36078}
	EndProjectSection
EndProject
Project("{8BC9CEB8-8B4A-11D0-8D11-00A0C91BC942}") = "Nightly", "Nightly.vcxproj", "{78A07DD9-17B3-3185-BC00-F46EC276617F}"
	ProjectSection(ProjectDependencies) = postProject
		{966714E5-9F94-3F4D-9144-2A1BDEF36078} = {966714E5-9F94-3F4D-9144-2A1BDEF36078}
	EndProjectSection
EndProject
Project("{8BC9CEB8-8B4A-11D0-8D11-00A0C91BC942}") = "NightlyMemoryCheck", "NightlyMemoryCheck.vcxproj", "{CD3CBD43-0EA0-3684-8231-6674C3857761}"
	ProjectSection(ProjectDependencies) = postProject
		{966714E5-9F94-3F4D-9144-2A1BDEF36078} = {966714E5-9F94-3F4D-9144-2A1BDEF36078}
	EndProjectSection
EndProject
Project("{8BC9CEB8-8B4A-11D0-8D11-00A0C91BC942}") = "ZERO_CHECK", "..\\ZERO_CHECK.vcxproj", "{966714E5-9F94-3F4D-9144-2A1BDEF36078}"
	ProjectSection(ProjectDependencies) = postProject
	EndProjectSection
EndProject
Project("{8BC9CEB8-8B4A-11D0-8D11-00A0C91BC942}") = "tinyxml2", "tinyxml2.vcxproj", "{452C4BB0-FF4B-3546-8B8F-8E99E671739D}"
	ProjectSection(ProjectDependencies) = postProject
		{966714E5-9F94-3F4D-9144-2A1BDEF36078} = {966714E5-9F94-3F4D-9144-2A1BDEF36078}
	EndProjectSection
EndProject
Global
	GlobalSection(SolutionConfigurationPlatforms) = preSolution
		Debug|x64 = Debug|x64
		Release|x64 = Release|x64
		MinSizeRel|x64 = MinSizeRel|x64
		RelWithDebInfo|x64 = RelWithDebInfo|x64
	EndGlobalSection
	GlobalSection(ProjectConfigurationPlatforms) = postSolution
		{63A78247-7EC9-3132-8F44-CCBAD48790E8}.Debug|x64.ActiveCfg = Debug|x64
		{63A78247-7EC9-3132-8F44-CCBAD48790E8}.Debug|x64.Build.0 = Debug|x64
		{63A78247-7EC9-3132-8F44-CCBAD48790E8}.Release|x64.ActiveCfg = Release|x64
		{63A78247-7EC9-3132-8F44-CCBAD48790E8}.Release|x64.Build.0 = Release|x64
		{63A78247-7EC9-3132-8F44-CCBAD48790E8}.MinSizeRel|x64.ActiveCfg = MinSizeRel|x64
		{63A78247-7EC9-3132-8F44-CCBAD48790E8}.MinSizeRel|x64.Build.0 = MinSizeRel|x64
		{63A78247-7EC9-3132-8F44-CCBAD48790E8}.RelWithDebInfo|x64.ActiveCfg = RelWithDebInfo|x64
		{63A78247-7EC9-3132-8F44-CCBAD48790E8}.RelWithDebInfo|x64.Build.0 = RelWithDebInfo|x64
		{E98BC6C3-287D-3439-BAC6-8C22505A5E55}.Debug|x64.ActiveCfg = Debug|x64
		{E98BC6C3-287D-3439-BAC6-8C22505A5E55}.Release|x64.ActiveCfg = Release|x64
		{E98BC6C3-287D-3439-BAC6-8C22505A5E55}.MinSizeRel|x64.ActiveCfg = MinSizeRel|x64
		{E98BC6C3-287D-3439-BAC6-8C22505A5E55}.RelWithDebInfo|x64.ActiveCfg = RelWithDebInfo|x64
		{12338030-5137-3D2A-A723-2C3BA0169099}.Debug|x64.ActiveCfg = Debug|x64
		{12338030-5137-3D2A-A723-2C3BA0169099}.Release|x64.ActiveCfg = Release|x64
		{12338030-5137-3D2A-A723-2C3BA0169099}.MinSizeRel|x64.ActiveCfg = MinSizeRel|x64
		{12338030-5137-3D2A-A723-2C3BA0169099}.RelWithDebInfo|x64.ActiveCfg = RelWithDebInfo|x64
		{6648B018-5EDA-3ADB-9E5B-AB2879D58704}.Debug|x64.ActiveCfg = Debug|x64
		{6648B018-5EDA-3ADB-9E5B-AB2879D58704}.Release|x64.ActiveCfg = Release|x64
		{6648B018-5EDA-3ADB-9E5B-AB2879D58704}.MinSizeRel|x64.ActiveCfg = MinSizeRel|x64
		{6648B018-5EDA-3ADB-9E5B-AB2879D58704}.RelWithDebInfo|x64.ActiveCfg = RelWithDebInfo|x64
		{78A07DD9-17B3-3185-BC00-F46EC276617F}.Debug|x64.ActiveCfg = Debug|x64
		{78A07DD9-17B3-3185-BC00-F46EC276617F}.Release|x64.ActiveCfg = Release|x64
		{78A07DD9-17B3-3185-BC00-F46EC276617F}.MinSizeRel|x64.ActiveCfg = MinSizeRel|x64
		{78A07DD9-17B3-3185-BC00-F46EC276617F}.RelWithDebInfo|x64.ActiveCfg = RelWithDebInfo|x64
		{CD3CBD43-0EA0-3684-8231-6674C3857761}.Debug|x64.ActiveCfg = Debug|x64
		{CD3CBD43-0EA0-3684-8231-6674C3857761}.Release|x64.ActiveCfg = Release|x64
		{CD3CBD43-0EA0-3684-8231-6674C3857761}.MinSizeRel|x64.ActiveCfg = MinSizeRel|x64
		{CD3CBD43-0EA0-3684-8231-6674C3857761}.RelWithDebInfo|x64.ActiveCfg = RelWithDebInfo|x64
		{966714E5-9F94-3F4D-9144-2A1BDEF36078}.Debug|x64.ActiveCfg = Debug|x64
		{966714E5-9F94-3F4D-9144-2A1BDEF36078}.Debug|x64.Build.0 = Debug|x64
		{966714E5-9F94-3F4D-9144-2A1BDEF36078}.Release|x64.ActiveCfg = Release|x64
		{966714E5-9F94-3F4D-9144-2A1BDEF36078}.Release|x64.Build.0 = Release|x64
		{966714E5-9F94-3F4D-9144-2A1BDEF36078}.MinSizeRel|x64.ActiveCfg = MinSizeRel|x64
		{966714E5-9F94-3F4D-9144-2A1BDEF36078}.MinSizeRel|x64.Build.0 = MinSizeRel|x64
		{966714E5-9F94-3F4D-9144-2A1BDEF36078}.RelWithDebInfo|x64.ActiveCfg = RelWithDebInfo|x64
		{966714E5-9F94-3F4D-9144-2A1BDEF36078}.RelWithDebInfo|x64.Build.0 = RelWithDebInfo|x64
		{452C4BB0-FF4B-3546-8B8F-8E99E671739D}.Debug|x64.ActiveCfg = Debug|x64
		{452C4BB0-FF4B-3546-8B8F-8E99E671739D}.Debug|x64.Build.0 = Debug|x64
		{452C4BB0-FF4B-3546-8B8F-8E99E671739D}.Release|x64.ActiveCfg = Release|x64
		{452C4BB0-FF4B-3546-8B8F-8E99E671739D}.Release|x64.Build.0 = Release|x64
		{452C4BB0-FF4B-3546-8B8F-8E99E671739D}.MinSizeRel|x64.ActiveCfg = MinSizeRel|x64
		{452C4BB0-FF4B-3546-8B8F-8E99E671739D}.MinSizeRel|x64.Build.0 = MinSizeRel|x64
		{452C4BB0-FF4B-3546-8B8F-8E99E671739D}.RelWithDebInfo|x64.ActiveCfg = RelWithDebInfo|x64
		{452C4BB0-FF4B-3546-8B8F-8E99E671739D}.RelWithDebInfo|x64.Build.0 = RelWithDebInfo|x64
	EndGlobalSection
	GlobalSection(ExtensibilityGlobals) = postSolution
		SolutionGuid = {B42EFC83-E12A-3343-9FBE-ADCE3F95E240}
	EndGlobalSection
	GlobalSection(ExtensibilityAddIns) = postSolution
	EndGlobalSection
EndGlobal
